// !$*UTF8*$!
{
	archiveVersion = 1;
	classes = {
	};
	objectVersion = 46;
	objects = {

/* Begin PBXBuildFile section */
		AC35B14A1CBBD68C00C8C0FF /* main.m in Sources */ = {isa = PBXBuildFile; fileRef = AC35B1491CBBD68C00C8C0FF /* main.m */; };
		AC35B14D1CBBD68C00C8C0FF /* AppDelegate.m in Sources */ = {isa = PBXBuildFile; fileRef = AC35B14C1CBBD68C00C8C0FF /* AppDelegate.m */; };
		AC35B1501CBBD68C00C8C0FF /* ViewController.m in Sources */ = {isa = PBXBuildFile; fileRef = AC35B14F1CBBD68C00C8C0FF /* ViewController.m */; };
		AC35B1531CBBD68C00C8C0FF /* Main.storyboard in Resources */ = {isa = PBXBuildFile; fileRef = AC35B1511CBBD68C00C8C0FF /* Main.storyboard */; };
		AC35B1551CBBD68C00C8C0FF /* Assets.xcassets in Resources */ = {isa = PBXBuildFile; fileRef = AC35B1541CBBD68C00C8C0FF /* Assets.xcassets */; };
		AC35B1581CBBD68C00C8C0FF /* LaunchScreen.storyboard in Resources */ = {isa = PBXBuildFile; fileRef = AC35B1561CBBD68C00C8C0FF /* LaunchScreen.storyboard */; };
		AC35B1631CBBD68C00C8C0FF /* carouselEffectTests.m in Sources */ = {isa = PBXBuildFile; fileRef = AC35B1621CBBD68C00C8C0FF /* carouselEffectTests.m */; };
		AC35B16E1CBBD68C00C8C0FF /* carouselEffectUITests.m in Sources */ = {isa = PBXBuildFile; fileRef = AC35B16D1CBBD68C00C8C0FF /* carouselEffectUITests.m */; };
		AC35B17E1CBBD6AE00C8C0FF /* HomeViewController.m in Sources */ = {isa = PBXBuildFile; fileRef = AC35B17C1CBBD6AE00C8C0FF /* HomeViewController.m */; };
		AC35B17F1CBBD6AE00C8C0FF /* HomeViewController.xib in Resources */ = {isa = PBXBuildFile; fileRef = AC35B17D1CBBD6AE00C8C0FF /* HomeViewController.xib */; };
/* End PBXBuildFile section */

/* Begin PBXContainerItemProxy section */
		AC35B15F1CBBD68C00C8C0FF /* PBXContainerItemProxy */ = {
			isa = PBXContainerItemProxy;
			containerPortal = AC35B13D1CBBD68C00C8C0FF /* Project object */;
			proxyType = 1;
			remoteGlobalIDString = AC35B1441CBBD68C00C8C0FF;
			remoteInfo = carouselEffect;
		};
		AC35B16A1CBBD68C00C8C0FF /* PBXContainerItemProxy */ = {
			isa = PBXContainerItemProxy;
			containerPortal = AC35B13D1CBBD68C00C8C0FF /* Project object */;
			proxyType = 1;
			remoteGlobalIDString = AC35B1441CBBD68C00C8C0FF;
			remoteInfo = carouselEffect;
		};
/* End PBXContainerItemProxy section */

/* Begin PBXFileReference section */
		AC35B1451CBBD68C00C8C0FF /* carouselEffect.app */ = {isa = PBXFileReference; explicitFileType = wrapper.application; includeInIndex = 0; path = carouselEffect.app; sourceTree = BUILT_PRODUCTS_DIR; };
		AC35B1491CBBD68C00C8C0FF /* main.m */ = {isa = PBXFileReference; lastKnownFileType = sourcecode.c.objc; path = main.m; sourceTree = "<group>"; };
		AC35B14B1CBBD68C00C8C0FF /* AppDelegate.h */ = {isa = PBXFileReference; lastKnownFileType = sourcecode.c.h; path = AppDelegate.h; sourceTree = "<group>"; };
		AC35B14C1CBBD68C00C8C0FF /* AppDelegate.m */ = {isa = PBXFileReference; lastKnownFileType = sourcecode.c.objc; path = AppDelegate.m; sourceTree = "<group>"; };
		AC35B14E1CBBD68C00C8C0FF /* ViewController.h */ = {isa = PBXFileReference; lastKnownFileType = sourcecode.c.h; path = ViewController.h; sourceTree = "<group>"; };
		AC35B14F1CBBD68C00C8C0FF /* ViewController.m */ = {isa = PBXFileReference; lastKnownFileType = sourcecode.c.objc; path = ViewController.m; sourceTree = "<group>"; };
		AC35B1521CBBD68C00C8C0FF /* Base */ = {isa = PBXFileReference; lastKnownFileType = file.storyboard; name = Base; path = Base.lproj/Main.storyboard; sourceTree = "<group>"; };
		AC35B1541CBBD68C00C8C0FF /* Assets.xcassets */ = {isa = PBXFileReference; lastKnownFileType = folder.assetcatalog; path = Assets.xcassets; sourceTree = "<group>"; };
		AC35B1571CBBD68C00C8C0FF /* Base */ = {isa = PBXFileReference; lastKnownFileType = file.storyboard; name = Base; path = Base.lproj/LaunchScreen.storyboard; sourceTree = "<group>"; };
		AC35B1591CBBD68C00C8C0FF /* Info.plist */ = {isa = PBXFileReference; lastKnownFileType = text.plist.xml; path = Info.plist; sourceTree = "<group>"; };
		AC35B15E1CBBD68C00C8C0FF /* carouselEffectTests.xctest */ = {isa = PBXFileReference; explicitFileType = wrapper.cfbundle; includeInIndex = 0; path = carouselEffectTests.xctest; sourceTree = BUILT_PRODUCTS_DIR; };
		AC35B1621CBBD68C00C8C0FF /* carouselEffectTests.m */ = {isa = PBXFileReference; lastKnownFileType = sourcecode.c.objc; path = carouselEffectTests.m; sourceTree = "<group>"; };
		AC35B1641CBBD68C00C8C0FF /* Info.plist */ = {isa = PBXFileReference; lastKnownFileType = text.plist.xml; path = Info.plist; sourceTree = "<group>"; };
		AC35B1691CBBD68C00C8C0FF /* carouselEffectUITests.xctest */ = {isa = PBXFileReference; explicitFileType = wrapper.cfbundle; includeInIndex = 0; path = carouselEffectUITests.xctest; sourceTree = BUILT_PRODUCTS_DIR; };
		AC35B16D1CBBD68C00C8C0FF /* carouselEffectUITests.m */ = {isa = PBXFileReference; lastKnownFileType = sourcecode.c.objc; path = carouselEffectUITests.m; sourceTree = "<group>"; };
		AC35B16F1CBBD68C00C8C0FF /* Info.plist */ = {isa = PBXFileReference; lastKnownFileType = text.plist.xml; path = Info.plist; sourceTree = "<group>"; };
		AC35B17B1CBBD6AE00C8C0FF /* HomeViewController.h */ = {isa = PBXFileReference; fileEncoding = 4; lastKnownFileType = sourcecode.c.h; path = HomeViewController.h; sourceTree = "<group>"; };
		AC35B17C1CBBD6AE00C8C0FF /* HomeViewController.m */ = {isa = PBXFileReference; fileEncoding = 4; lastKnownFileType = sourcecode.c.objc; path = HomeViewController.m; sourceTree = "<group>"; };
		AC35B17D1CBBD6AE00C8C0FF /* HomeViewController.xib */ = {isa = PBXFileReference; fileEncoding = 4; lastKnownFileType = file.xib; path = HomeViewController.xib; sourceTree = "<group>"; };
/* End PBXFileReference section */

/* Begin PBXFrameworksBuildPhase section */
		AC35B1421CBBD68C00C8C0FF /* Frameworks */ = {
			isa = PBXFrameworksBuildPhase;
			buildActionMask = 2147483647;
			files = (
			);
			runOnlyForDeploymentPostprocessing = 0;
		};
		AC35B15B1CBBD68C00C8C0FF /* Frameworks */ = {
			isa = PBXFrameworksBuildPhase;
			buildActionMask = 2147483647;
			files = (
			);
			runOnlyForDeploymentPostprocessing = 0;
		};
		AC35B1661CBBD68C00C8C0FF /* Frameworks */ = {
			isa = PBXFrameworksBuildPhase;
			buildActionMask = 2147483647;
			files = (
			);
			runOnlyForDeploymentPostprocessing = 0;
		};
/* End PBXFrameworksBuildPhase section */

/* Begin PBXGroup section */
		AC35B13C1CBBD68C00C8C0FF = {
			isa = PBXGroup;
			children = (
				AC35B17B1CBBD6AE00C8C0FF /* HomeViewController.h */,
				AC35B17C1CBBD6AE00C8C0FF /* HomeViewController.m */,
				AC35B17D1CBBD6AE00C8C0FF /* HomeViewController.xib */,
				AC35B1471CBBD68C00C8C0FF /* carouselEffect */,
				AC35B1611CBBD68C00C8C0FF /* carouselEffectTests */,
				AC35B16C1CBBD68C00C8C0FF /* carouselEffectUITests */,
				AC35B1461CBBD68C00C8C0FF /* Products */,
			);
			sourceTree = "<group>";
		};
		AC35B1461CBBD68C00C8C0FF /* Products */ = {
			isa = PBXGroup;
			children = (
				AC35B1451CBBD68C00C8C0FF /* carouselEffect.app */,
				AC35B15E1CBBD68C00C8C0FF /* carouselEffectTests.xctest */,
				AC35B1691CBBD68C00C8C0FF /* carouselEffectUITests.xctest */,
			);
			name = Products;
			sourceTree = "<group>";
		};
		AC35B1471CBBD68C00C8C0FF /* carouselEffect */ = {
			isa = PBXGroup;
			children = (
				AC35B14B1CBBD68C00C8C0FF /* AppDelegate.h */,
				AC35B14C1CBBD68C00C8C0FF /* AppDelegate.m */,
				AC35B14E1CBBD68C00C8C0FF /* ViewController.h */,
				AC35B14F1CBBD68C00C8C0FF /* ViewController.m */,
				AC35B1511CBBD68C00C8C0FF /* Main.storyboard */,
				AC35B1541CBBD68C00C8C0FF /* Assets.xcassets */,
				AC35B1561CBBD68C00C8C0FF /* LaunchScreen.storyboard */,
				AC35B1591CBBD68C00C8C0FF /* Info.plist */,
				AC35B1481CBBD68C00C8C0FF /* Supporting Files */,
			);
			path = carouselEffect;
			sourceTree = "<group>";
		};
		AC35B1481CBBD68C00C8C0FF /* Supporting Files */ = {
			isa = PBXGroup;
			children = (
				AC35B1491CBBD68C00C8C0FF /* main.m */,
			);
			name = "Supporting Files";
			sourceTree = "<group>";
		};
		AC35B1611CBBD68C00C8C0FF /* carouselEffectTests */ = {
			isa = PBXGroup;
			children = (
				AC35B1621CBBD68C00C8C0FF /* carouselEffectTests.m */,
				AC35B1641CBBD68C00C8C0FF /* Info.plist */,
			);
			path = carouselEffectTests;
			sourceTree = "<group>";
		};
		AC35B16C1CBBD68C00C8C0FF /* carouselEffectUITests */ = {
			isa = PBXGroup;
			children = (
				AC35B16D1CBBD68C00C8C0FF /* carouselEffectUITests.m */,
				AC35B16F1CBBD68C00C8C0FF /* Info.plist */,
			);
			path = carouselEffectUITests;
			sourceTree = "<group>";
		};
/* End PBXGroup section */

/* Begin PBXNativeTarget section */
		AC35B1441CBBD68C00C8C0FF /* carouselEffect */ = {
			isa = PBXNativeTarget;
			buildConfigurationList = AC35B1721CBBD68C00C8C0FF /* Build configuration list for PBXNativeTarget "carouselEffect" */;
			buildPhases = (
				AC35B1411CBBD68C00C8C0FF /* Sources */,
				AC35B1421CBBD68C00C8C0FF /* Frameworks */,
				AC35B1431CBBD68C00C8C0FF /* Resources */,
			);
			buildRules = (
			);
			dependencies = (
			);
			name = carouselEffect;
			productName = carouselEffect;
			productReference = AC35B1451CBBD68C00C8C0FF /* carouselEffect.app */;
			productType = "com.apple.product-type.application";
		};
		AC35B15D1CBBD68C00C8C0FF /* carouselEffectTests */ = {
			isa = PBXNativeTarget;
			buildConfigurationList = AC35B1751CBBD68C00C8C0FF /* Build configuration list for PBXNativeTarget "carouselEffectTests" */;
			buildPhases = (
				AC35B15A1CBBD68C00C8C0FF /* Sources */,
				AC35B15B1CBBD68C00C8C0FF /* Frameworks */,
				AC35B15C1CBBD68C00C8C0FF /* Resources */,
			);
			buildRules = (
			);
			dependencies = (
				AC35B1601CBBD68C00C8C0FF /* PBXTargetDependency */,
			);
			name = carouselEffectTests;
			productName = carouselEffectTests;
			productReference = AC35B15E1CBBD68C00C8C0FF /* carouselEffectTests.xctest */;
			productType = "com.apple.product-type.bundle.unit-test";
		};
		AC35B1681CBBD68C00C8C0FF /* carouselEffectUITests */ = {
			isa = PBXNativeTarget;
			buildConfigurationList = AC35B1781CBBD68C00C8C0FF /* Build configuration list for PBXNativeTarget "carouselEffectUITests" */;
			buildPhases = (
				AC35B1651CBBD68C00C8C0FF /* Sources */,
				AC35B1661CBBD68C00C8C0FF /* Frameworks */,
				AC35B1671CBBD68C00C8C0FF /* Resources */,
			);
			buildRules = (
			);
			dependencies = (
				AC35B16B1CBBD68C00C8C0FF /* PBXTargetDependency */,
			);
			name = carouselEffectUITests;
			productName = carouselEffectUITests;
			productReference = AC35B1691CBBD68C00C8C0FF /* carouselEffectUITests.xctest */;
			productType = "com.apple.product-type.bundle.ui-testing";
		};
/* End PBXNativeTarget section */

/* Begin PBXProject section */
		AC35B13D1CBBD68C00C8C0FF /* Project object */ = {
			isa = PBXProject;
			attributes = {
				LastUpgradeCheck = 0730;
				ORGANIZATIONNAME = "Kuan-Wei Lin";
				TargetAttributes = {
					AC35B1441CBBD68C00C8C0FF = {
						CreatedOnToolsVersion = 7.3;
					};
					AC35B15D1CBBD68C00C8C0FF = {
						CreatedOnToolsVersion = 7.3;
						TestTargetID = AC35B1441CBBD68C00C8C0FF;
					};
					AC35B1681CBBD68C00C8C0FF = {
						CreatedOnToolsVersion = 7.3;
						TestTargetID = AC35B1441CBBD68C00C8C0FF;
					};
				};
			};
			buildConfigurationList = AC35B1401CBBD68C00C8C0FF /* Build configuration list for PBXProject "carouselEffect" */;
			compatibilityVersion = "Xcode 3.2";
			developmentRegion = English;
			hasScannedForEncodings = 0;
			knownRegions = (
				en,
				Base,
			);
			mainGroup = AC35B13C1CBBD68C00C8C0FF;
			productRefGroup = AC35B1461CBBD68C00C8C0FF /* Products */;
			projectDirPath = "";
			projectRoot = "";
			targets = (
				AC35B1441CBBD68C00C8C0FF /* carouselEffect */,
				AC35B15D1CBBD68C00C8C0FF /* carouselEffectTests */,
				AC35B1681CBBD68C00C8C0FF /* carouselEffectUITests */,
			);
		};
/* End PBXProject section */

/* Begin PBXResourcesBuildPhase section */
		AC35B1431CBBD68C00C8C0FF /* Resources */ = {
			isa = PBXResourcesBuildPhase;
			buildActionMask = 2147483647;
			files = (
				AC35B1581CBBD68C00C8C0FF /* LaunchScreen.storyboard in Resources */,
				AC35B1551CBBD68C00C8C0FF /* Assets.xcassets in Resources */,
				AC35B1531CBBD68C00C8C0FF /* Main.storyboard in Resources */,
				AC35B17F1CBBD6AE00C8C0FF /* HomeViewController.xib in Resources */,
			);
			runOnlyForDeploymentPostprocessing = 0;
		};
		AC35B15C1CBBD68C00C8C0FF /* Resources */ = {
			isa = PBXResourcesBuildPhase;
			buildActionMask = 2147483647;
			files = (
			);
			runOnlyForDeploymentPostprocessing = 0;
		};
		AC35B1671CBBD68C00C8C0FF /* Resources */ = {
			isa = PBXResourcesBuildPhase;
			buildActionMask = 2147483647;
			files = (
			);
			runOnlyForDeploymentPostprocessing = 0;
		};
/* End PBXResourcesBuildPhase section */

/* Begin PBXSourcesBuildPhase section */
		AC35B1411CBBD68C00C8C0FF /* Sources */ = {
			isa = PBXSourcesBuildPhase;
			buildActionMask = 2147483647;
			files = (
				AC35B1501CBBD68C00C8C0FF /* ViewController.m in Sources */,
				AC35B14D1CBBD68C00C8C0FF /* AppDelegate.m in Sources */,
				AC35B14A1CBBD68C00C8C0FF /* main.m in Sources */,
				AC35B17E1CBBD6AE00C8C0FF /* HomeViewController.m in Sources */,
			);
			runOnlyForDeploymentPostprocessing = 0;
		};
		AC35B15A1CBBD68C00C8C0FF /* Sources */ = {
			isa = PBXSourcesBuildPhase;
			buildActionMask = 2147483647;
			files = (
				AC35B1631CBBD68C00C8C0FF /* carouselEffectTests.m in Sources */,
			);
			runOnlyForDeploymentPostprocessing = 0;
		};
		AC35B1651CBBD68C00C8C0FF /* Sources */ = {
			isa = PBXSourcesBuildPhase;
			buildActionMask = 2147483647;
			files = (
				AC35B16E1CBBD68C00C8C0FF /* carouselEffectUITests.m in Sources */,
			);
			runOnlyForDeploymentPostprocessing = 0;
		};
/* End PBXSourcesBuildPhase section */

/* Begin PBXTargetDependency section */
		AC35B1601CBBD68C00C8C0FF /* PBXTargetDependency */ = {
			isa = PBXTargetDependency;
			target = AC35B1441CBBD68C00C8C0FF /* carouselEffect */;
			targetProxy = AC35B15F1CBBD68C00C8C0FF /* PBXContainerItemProxy */;
		};
		AC35B16B1CBBD68C00C8C0FF /* PBXTargetDependency */ = {
			isa = PBXTargetDependency;
			target = AC35B1441CBBD68C00C8C0FF /* carouselEffect */;
			targetProxy = AC35B16A1CBBD68C00C8C0FF /* PBXContainerItemProxy */;
		};
/* End PBXTargetDependency section */

/* Begin PBXVariantGroup section */
		AC35B1511CBBD68C00C8C0FF /* Main.storyboard */ = {
			isa = PBXVariantGroup;
			children = (
				AC35B1521CBBD68C00C8C0FF /* Base */,
			);
			name = Main.storyboard;
			sourceTree = "<group>";
		};
		AC35B1561CBBD68C00C8C0FF /* LaunchScreen.storyboard */ = {
			isa = PBXVariantGroup;
			children = (
				AC35B1571CBBD68C00C8C0FF /* Base */,
			);
			name = LaunchScreen.storyboard;
			sourceTree = "<group>";
		};
/* End PBXVariantGroup section */

/* Begin XCBuildConfiguration section */
		AC35B1701CBBD68C00C8C0FF /* Debug */ = {
			isa = XCBuildConfiguration;
			buildSettings = {
				ALWAYS_SEARCH_USER_PATHS = NO;
				CLANG_ANALYZER_NONNULL = YES;
				CLANG_CXX_LANGUAGE_STANDARD = "gnu++0x";
				CLANG_CXX_LIBRARY = "libc++";
				CLANG_ENABLE_MODULES = YES;
				CLANG_ENABLE_OBJC_ARC = YES;
				CLANG_WARN_BOOL_CONVERSION = YES;
				CLANG_WARN_CONSTANT_CONVERSION = YES;
				CLANG_WARN_DIRECT_OBJC_ISA_USAGE = YES_ERROR;
				CLANG_WARN_EMPTY_BODY = YES;
				CLANG_WARN_ENUM_CONVERSION = YES;
				CLANG_WARN_INT_CONVERSION = YES;
				CLANG_WARN_OBJC_ROOT_CLASS = YES_ERROR;
				CLANG_WARN_UNREACHABLE_CODE = YES;
				CLANG_WARN__DUPLICATE_METHOD_MATCH = YES;
				"CODE_SIGN_IDENTITY[sdk=iphoneos*]" = "iPhone Developer";
				COPY_PHASE_STRIP = NO;
				DEBUG_INFORMATION_FORMAT = dwarf;
				ENABLE_STRICT_OBJC_MSGSEND = YES;
				ENABLE_TESTABILITY = YES;
				GCC_C_LANGUAGE_STANDARD = gnu99;
				GCC_DYNAMIC_NO_PIC = NO;
				GCC_NO_COMMON_BLOCKS = YES;
				GCC_OPTIMIZATION_LEVEL = 0;
				GCC_PREPROCESSOR_DEFINITIONS = (
					"DEBUG=1",
					"$(inherited)",
				);
				GCC_WARN_64_TO_32_BIT_CONVERSION = YES;
				GCC_WARN_ABOUT_RETURN_TYPE = YES_ERROR;
				GCC_WARN_UNDECLARED_SELECTOR = YES;
				GCC_WARN_UNINITIALIZED_AUTOS = YES_AGGRESSIVE;
				GCC_WARN_UNUSED_FUNCTION = YES;
				GCC_WARN_UNUSED_VARIABLE = YES;
				IPHONEOS_DEPLOYMENT_TARGET = 9.3;
				MTL_ENABLE_DEBUG_INFO = YES;
				ONLY_ACTIVE_ARCH = YES;
				SDKROOT = iphoneos;
			};
			name = Debug;
		};
		AC35B1711CBBD68C00C8C0FF /* Release */ = {
			isa = XCBuildConfiguration;
			buildSettings = {
				ALWAYS_SEARCH_USER_PATHS = NO;
				CLANG_ANALYZER_NONNULL = YES;
				CLANG_CXX_LANGUAGE_STANDARD = "gnu++0x";
				CLANG_CXX_LIBRARY = "libc++";
				CLANG_ENABLE_MODULES = YES;
				CLANG_ENABLE_OBJC_ARC = YES;
				CLANG_WARN_BOOL_CONVERSION = YES;
				CLANG_WARN_CONSTANT_CONVERSION = YES;
				CLANG_WARN_DIRECT_OBJC_ISA_USAGE = YES_ERROR;
				CLANG_WARN_EMPTY_BODY = YES;
				CLANG_WARN_ENUM_CONVERSION = YES;
				CLANG_WARN_INT_CONVERSION = YES;
				CLANG_WARN_OBJC_ROOT_CLASS = YES_ERROR;
				CLANG_WARN_UNREACHABLE_CODE = YES;
				CLANG_WARN__DUPLICATE_METHOD_MATCH = YES;
				"CODE_SIGN_IDENTITY[sdk=iphoneos*]" = "iPhone Developer";
				COPY_PHASE_STRIP = NO;
				DEBUG_INFORMATION_FORMAT = "dwarf-with-dsym";
				ENABLE_NS_ASSERTIONS = NO;
				ENABLE_STRICT_OBJC_MSGSEND = YES;
				GCC_C_LANGUAGE_STANDARD = gnu99;
				GCC_NO_COMMON_BLOCKS = YES;
				GCC_WARN_64_TO_32_BIT_CONVERSION = YES;
				GCC_WARN_ABOUT_RETURN_TYPE = YES_ERROR;
				GCC_WARN_UNDECLARED_SELECTOR = YES;
				GCC_WARN_UNINITIALIZED_AUTOS = YES_AGGRESSIVE;
				GCC_WARN_UNUSED_FUNCTION = YES;
				GCC_WARN_UNUSED_VARIABLE = YES;
				IPHONEOS_DEPLOYMENT_TARGET = 9.3;
				MTL_ENABLE_DEBUG_INFO = NO;
				SDKROOT = iphoneos;
				VALIDATE_PRODUCT = YES;
			};
			name = Release;
		};
		AC35B1731CBBD68C00C8C0FF /* Debug */ = {
			isa = XCBuildConfiguration;
			buildSettings = {
				ASSETCATALOG_COMPILER_APPICON_NAME = AppIcon;
				INFOPLIST_FILE = carouselEffect/Info.plist;
				LD_RUNPATH_SEARCH_PATHS = "$(inherited) @executable_path/Frameworks";
				PRODUCT_BUNDLE_IDENTIFIER = com.cracktheterm.www.carouselEffect;
				PRODUCT_NAME = "$(TARGET_NAME)";
			};
			name = Debug;
		};
		AC35B1741CBBD68C00C8C0FF /* Release */ = {
			isa = XCBuildConfiguration;
			buildSettings = {
				ASSETCATALOG_COMPILER_APPICON_NAME = AppIcon;
				INFOPLIST_FILE = carouselEffect/Info.plist;
				LD_RUNPATH_SEARCH_PATHS = "$(inherited) @executable_path/Frameworks";
				PRODUCT_BUNDLE_IDENTIFIER = com.cracktheterm.www.carouselEffect;
				PRODUCT_NAME = "$(TARGET_NAME)";
			};
			name = Release;
		};
		AC35B1761CBBD68C00C8C0FF /* Debug */ = {
			isa = XCBuildConfiguration;
			buildSettings = {
				BUNDLE_LOADER = "$(TEST_HOST)";
				INFOPLIST_FILE = carouselEffectTests/Info.plist;
				LD_RUNPATH_SEARCH_PATHS = "$(inherited) @executable_path/Frameworks @loader_path/Frameworks";
				PRODUCT_BUNDLE_IDENTIFIER = com.cracktheterm.www.carouselEffectTests;
				PRODUCT_NAME = "$(TARGET_NAME)";
				TEST_HOST = "$(BUILT_PRODUCTS_DIR)/carouselEffect.app/carouselEffect";
			};
			name = Debug;
		};
		AC35B1771CBBD68C00C8C0FF /* Release */ = {
			isa = XCBuildConfiguration;
			buildSettings = {
				BUNDLE_LOADER = "$(TEST_HOST)";
				INFOPLIST_FILE = carouselEffectTests/Info.plist;
				LD_RUNPATH_SEARCH_PATHS = "$(inherited) @executable_path/Frameworks @loader_path/Frameworks";
				PRODUCT_BUNDLE_IDENTIFIER = com.cracktheterm.www.carouselEffectTests;
				PRODUCT_NAME = "$(TARGET_NAME)";
				TEST_HOST = "$(BUILT_PRODUCTS_DIR)/carouselEffect.app/carouselEffect";
			};
			name = Release;
		};
		AC35B1791CBBD68C00C8C0FF /* Debug */ = {
			isa = XCBuildConfiguration;
			buildSettings = {
				INFOPLIST_FILE = carouselEffectUITests/Info.plist;
				LD_RUNPATH_SEARCH_PATHS = "$(inherited) @executable_path/Frameworks @loader_path/Frameworks";
				PRODUCT_BUNDLE_IDENTIFIER = com.cracktheterm.www.carouselEffectUITests;
				PRODUCT_NAME = "$(TARGET_NAME)";
				TEST_TARGET_NAME = carouselEffect;
			};
			name = Debug;
		};
		AC35B17A1CBBD68C00C8C0FF /* Release */ = {
			isa = XCBuildConfiguration;
			buildSettings = {
				INFOPLIST_FILE = carouselEffectUITests/Info.plist;
				LD_RUNPATH_SEARCH_PATHS = "$(inherited) @executable_path/Frameworks @loader_path/Frameworks";
				PRODUCT_BUNDLE_IDENTIFIER = com.cracktheterm.www.carouselEffectUITests;
				PRODUCT_NAME = "$(TARGET_NAME)";
				TEST_TARGET_NAME = carouselEffect;
			};
			name = Release;
		};
/* End XCBuildConfiguration section */

/* Begin XCConfigurationList section */
		AC35B1401CBBD68C00C8C0FF /* Build configuration list for PBXProject "carouselEffect" */ = {
			isa = XCConfigurationList;
			buildConfigurations = (
				AC35B1701CBBD68C00C8C0FF /* Debug */,
				AC35B1711CBBD68C00C8C0FF /* Release */,
			);
			defaultConfigurationIsVisible = 0;
			defaultConfigurationName = Release;
		};
		AC35B1721CBBD68C00C8C0FF /* Build configuration list for PBXNativeTarget "carouselEffect" */ = {
			isa = XCConfigurationList;
			buildConfigurations = (
				AC35B1731CBBD68C00C8C0FF /* Debug */,
				AC35B1741CBBD68C00C8C0FF /* Release */,
			);
			defaultConfigurationIsVisible = 0;
		};
		AC35B1751CBBD68C00C8C0FF /* Build configuration list for PBXNativeTarget "carouselEffectTests" */ = {
			isa = XCConfigurationList;
			buildConfigurations = (
				AC35B1761CBBD68C00C8C0FF /* Debug */,
				AC35B1771CBBD68C00C8C0FF /* Release */,
			);
			defaultConfigurationIsVisible = 0;
		};
		AC35B1781CBBD68C00C8C0FF /* Build configuration list for PBXNativeTarget "carouselEffectUITests" */ = {
			isa = XCConfigurationList;
			buildConfigurations = (
				AC35B1791CBBD68C00C8C0FF /* Debug */,
				AC35B17A1CBBD68C00C8C0FF /* Release */,
			);
			defaultConfigurationIsVisible = 0;
		};
/* End XCConfigurationList section */
	};
	rootObject = AC35B13D1CBBD68C00C8C0FF /* Project object */;
}
