// !$*UTF8*$!
{
	archiveVersion = 1;
	classes = {
	};
	objectVersion = 46;
	objects = {

/* Begin PBXBuildFile section */
		ACF364771D698DFF00DA5F45 /* main.m in Sources */ = {isa = PBXBuildFile; fileRef = ACF364761D698DFF00DA5F45 /* main.m */; };
		ACF3647A1D698DFF00DA5F45 /* AppDelegate.m in Sources */ = {isa = PBXBuildFile; fileRef = ACF364791D698DFF00DA5F45 /* AppDelegate.m */; };
		ACF3647D1D698DFF00DA5F45 /* ViewController.m in Sources */ = {isa = PBXBuildFile; fileRef = ACF3647C1D698DFF00DA5F45 /* ViewController.m */; };
		ACF364801D698DFF00DA5F45 /* Main.storyboard in Resources */ = {isa = PBXBuildFile; fileRef = ACF3647E1D698DFF00DA5F45 /* Main.storyboard */; };
		ACF364821D698DFF00DA5F45 /* Assets.xcassets in Resources */ = {isa = PBXBuildFile; fileRef = ACF364811D698DFF00DA5F45 /* Assets.xcassets */; };
		ACF364851D698DFF00DA5F45 /* LaunchScreen.storyboard in Resources */ = {isa = PBXBuildFile; fileRef = ACF364831D698DFF00DA5F45 /* LaunchScreen.storyboard */; };
		ACF3648F1D6993AD00DA5F45 /* NewViewController.m in Sources */ = {isa = PBXBuildFile; fileRef = ACF3648D1D6993AD00DA5F45 /* NewViewController.m */; };
		ACF364901D6993AD00DA5F45 /* NewViewController.xib in Resources */ = {isa = PBXBuildFile; fileRef = ACF3648E1D6993AD00DA5F45 /* NewViewController.xib */; };
/* End PBXBuildFile section */

/* Begin PBXFileReference section */
		ACF364721D698DFE00DA5F45 /* AnimatedSplash.app */ = {isa = PBXFileReference; explicitFileType = wrapper.application; includeInIndex = 0; path = AnimatedSplash.app; sourceTree = BUILT_PRODUCTS_DIR; };
		ACF364761D698DFF00DA5F45 /* main.m */ = {isa = PBXFileReference; lastKnownFileType = sourcecode.c.objc; path = main.m; sourceTree = "<group>"; };
		ACF364781D698DFF00DA5F45 /* AppDelegate.h */ = {isa = PBXFileReference; lastKnownFileType = sourcecode.c.h; path = AppDelegate.h; sourceTree = "<group>"; };
		ACF364791D698DFF00DA5F45 /* AppDelegate.m */ = {isa = PBXFileReference; lastKnownFileType = sourcecode.c.objc; path = AppDelegate.m; sourceTree = "<group>"; };
		ACF3647B1D698DFF00DA5F45 /* ViewController.h */ = {isa = PBXFileReference; lastKnownFileType = sourcecode.c.h; path = ViewController.h; sourceTree = "<group>"; };
		ACF3647C1D698DFF00DA5F45 /* ViewController.m */ = {isa = PBXFileReference; lastKnownFileType = sourcecode.c.objc; path = ViewController.m; sourceTree = "<group>"; };
		ACF3647F1D698DFF00DA5F45 /* Base */ = {isa = PBXFileReference; lastKnownFileType = file.storyboard; name = Base; path = Base.lproj/Main.storyboard; sourceTree = "<group>"; };
		ACF364811D698DFF00DA5F45 /* Assets.xcassets */ = {isa = PBXFileReference; lastKnownFileType = folder.assetcatalog; path = Assets.xcassets; sourceTree = "<group>"; };
		ACF364841D698DFF00DA5F45 /* Base */ = {isa = PBXFileReference; lastKnownFileType = file.storyboard; name = Base; path = Base.lproj/LaunchScreen.storyboard; sourceTree = "<group>"; };
		ACF364861D698DFF00DA5F45 /* Info.plist */ = {isa = PBXFileReference; lastKnownFileType = text.plist.xml; path = Info.plist; sourceTree = "<group>"; };
		ACF3648C1D6993AD00DA5F45 /* NewViewController.h */ = {isa = PBXFileReference; fileEncoding = 4; lastKnownFileType = sourcecode.c.h; path = NewViewController.h; sourceTree = "<group>"; };
		ACF3648D1D6993AD00DA5F45 /* NewViewController.m */ = {isa = PBXFileReference; fileEncoding = 4; lastKnownFileType = sourcecode.c.objc; path = NewViewController.m; sourceTree = "<group>"; };
		ACF3648E1D6993AD00DA5F45 /* NewViewController.xib */ = {isa = PBXFileReference; fileEncoding = 4; lastKnownFileType = file.xib; path = NewViewController.xib; sourceTree = "<group>"; };
/* End PBXFileReference section */

/* Begin PBXFrameworksBuildPhase section */
		ACF3646F1D698DFE00DA5F45 /* Frameworks */ = {
			isa = PBXFrameworksBuildPhase;
			buildActionMask = 2147483647;
			files = (
			);
			runOnlyForDeploymentPostprocessing = 0;
		};
/* End PBXFrameworksBuildPhase section */

/* Begin PBXGroup section */
		ACF364691D698DFE00DA5F45 = {
			isa = PBXGroup;
			children = (
				ACF364741D698DFF00DA5F45 /* AnimatedSplash */,
				ACF364731D698DFE00DA5F45 /* Products */,
			);
			sourceTree = "<group>";
		};
		ACF364731D698DFE00DA5F45 /* Products */ = {
			isa = PBXGroup;
			children = (
				ACF364721D698DFE00DA5F45 /* AnimatedSplash.app */,
			);
			name = Products;
			sourceTree = "<group>";
		};
		ACF364741D698DFF00DA5F45 /* AnimatedSplash */ = {
			isa = PBXGroup;
			children = (
				ACF364781D698DFF00DA5F45 /* AppDelegate.h */,
				ACF364791D698DFF00DA5F45 /* AppDelegate.m */,
				ACF3647B1D698DFF00DA5F45 /* ViewController.h */,
				ACF3647C1D698DFF00DA5F45 /* ViewController.m */,
				ACF3647E1D698DFF00DA5F45 /* Main.storyboard */,
				ACF364811D698DFF00DA5F45 /* Assets.xcassets */,
				ACF364831D698DFF00DA5F45 /* LaunchScreen.storyboard */,
				ACF364861D698DFF00DA5F45 /* Info.plist */,
				ACF364751D698DFF00DA5F45 /* Supporting Files */,
				ACF3648C1D6993AD00DA5F45 /* NewViewController.h */,
				ACF3648D1D6993AD00DA5F45 /* NewViewController.m */,
				ACF3648E1D6993AD00DA5F45 /* NewViewController.xib */,
			);
			path = AnimatedSplash;
			sourceTree = "<group>";
		};
		ACF364751D698DFF00DA5F45 /* Supporting Files */ = {
			isa = PBXGroup;
			children = (
				ACF364761D698DFF00DA5F45 /* main.m */,
			);
			name = "Supporting Files";
			sourceTree = "<group>";
		};
/* End PBXGroup section */

/* Begin PBXNativeTarget section */
		ACF364711D698DFE00DA5F45 /* AnimatedSplash */ = {
			isa = PBXNativeTarget;
			buildConfigurationList = ACF364891D698DFF00DA5F45 /* Build configuration list for PBXNativeTarget "AnimatedSplash" */;
			buildPhases = (
				ACF3646E1D698DFE00DA5F45 /* Sources */,
				ACF3646F1D698DFE00DA5F45 /* Frameworks */,
				ACF364701D698DFE00DA5F45 /* Resources */,
			);
			buildRules = (
			);
			dependencies = (
			);
			name = AnimatedSplash;
			productName = AnimatedSplash;
			productReference = ACF364721D698DFE00DA5F45 /* AnimatedSplash.app */;
			productType = "com.apple.product-type.application";
		};
/* End PBXNativeTarget section */

/* Begin PBXProject section */
		ACF3646A1D698DFE00DA5F45 /* Project object */ = {
			isa = PBXProject;
			attributes = {
				LastUpgradeCheck = 0730;
				ORGANIZATIONNAME = "Kuan-Wei Lin";
				TargetAttributes = {
					ACF364711D698DFE00DA5F45 = {
						CreatedOnToolsVersion = 7.3.1;
					};
				};
			};
			buildConfigurationList = ACF3646D1D698DFE00DA5F45 /* Build configuration list for PBXProject "AnimatedSplash" */;
			compatibilityVersion = "Xcode 3.2";
			developmentRegion = English;
			hasScannedForEncodings = 0;
			knownRegions = (
				en,
				Base,
			);
			mainGroup = ACF364691D698DFE00DA5F45;
			productRefGroup = ACF364731D698DFE00DA5F45 /* Products */;
			projectDirPath = "";
			projectRoot = "";
			targets = (
				ACF364711D698DFE00DA5F45 /* AnimatedSplash */,
			);
		};
/* End PBXProject section */

/* Begin PBXResourcesBuildPhase section */
		ACF364701D698DFE00DA5F45 /* Resources */ = {
			isa = PBXResourcesBuildPhase;
			buildActionMask = 2147483647;
			files = (
				ACF364851D698DFF00DA5F45 /* LaunchScreen.storyboard in Resources */,
				ACF364821D698DFF00DA5F45 /* Assets.xcassets in Resources */,
				ACF364801D698DFF00DA5F45 /* Main.storyboard in Resources */,
				ACF364901D6993AD00DA5F45 /* NewViewController.xib in Resources */,
			);
			runOnlyForDeploymentPostprocessing = 0;
		};
/* End PBXResourcesBuildPhase section */

/* Begin PBXSourcesBuildPhase section */
		ACF3646E1D698DFE00DA5F45 /* Sources */ = {
			isa = PBXSourcesBuildPhase;
			buildActionMask = 2147483647;
			files = (
				ACF3647D1D698DFF00DA5F45 /* ViewController.m in Sources */,
				ACF3647A1D698DFF00DA5F45 /* AppDelegate.m in Sources */,
				ACF364771D698DFF00DA5F45 /* main.m in Sources */,
				ACF3648F1D6993AD00DA5F45 /* NewViewController.m in Sources */,
			);
			runOnlyForDeploymentPostprocessing = 0;
		};
/* End PBXSourcesBuildPhase section */

/* Begin PBXVariantGroup section */
		ACF3647E1D698DFF00DA5F45 /* Main.storyboard */ = {
			isa = PBXVariantGroup;
			children = (
				ACF3647F1D698DFF00DA5F45 /* Base */,
			);
			name = Main.storyboard;
			sourceTree = "<group>";
		};
		ACF364831D698DFF00DA5F45 /* LaunchScreen.storyboard */ = {
			isa = PBXVariantGroup;
			children = (
				ACF364841D698DFF00DA5F45 /* Base */,
			);
			name = LaunchScreen.storyboard;
			sourceTree = "<group>";
		};
/* End PBXVariantGroup section */

/* Begin XCBuildConfiguration section */
		ACF364871D698DFF00DA5F45 /* Debug */ = {
			isa = XCBuildConfiguration;
			buildSettings = {
				ALWAYS_SEARCH_USER_PATHS = NO;
				CLANG_ANALYZER_NONNULL = YES;
				CLANG_CXX_LANGUAGE_STANDARD = "gnu++0x";
				CLANG_CXX_LIBRARY = "libc++";
				CLANG_ENABLE_MODULES = YES;
				CLANG_ENABLE_OBJC_ARC = YES;
				CLANG_WARN_BOOL_CONVERSION = YES;
				CLANG_WARN_CONSTANT_CONVERSION = YES;
				CLANG_WARN_DIRECT_OBJC_ISA_USAGE = YES_ERROR;
				CLANG_WARN_EMPTY_BODY = YES;
				CLANG_WARN_ENUM_CONVERSION = YES;
				CLANG_WARN_INT_CONVERSION = YES;
				CLANG_WARN_OBJC_ROOT_CLASS = YES_ERROR;
				CLANG_WARN_UNREACHABLE_CODE = YES;
				CLANG_WARN__DUPLICATE_METHOD_MATCH = YES;
				"CODE_SIGN_IDENTITY[sdk=iphoneos*]" = "iPhone Developer";
				COPY_PHASE_STRIP = NO;
				DEBUG_INFORMATION_FORMAT = dwarf;
				ENABLE_STRICT_OBJC_MSGSEND = YES;
				ENABLE_TESTABILITY = YES;
				GCC_C_LANGUAGE_STANDARD = gnu99;
				GCC_DYNAMIC_NO_PIC = NO;
				GCC_NO_COMMON_BLOCKS = YES;
				GCC_OPTIMIZATION_LEVEL = 0;
				GCC_PREPROCESSOR_DEFINITIONS = (
					"DEBUG=1",
					"$(inherited)",
				);
				GCC_WARN_64_TO_32_BIT_CONVERSION = YES;
				GCC_WARN_ABOUT_RETURN_TYPE = YES_ERROR;
				GCC_WARN_UNDECLARED_SELECTOR = YES;
				GCC_WARN_UNINITIALIZED_AUTOS = YES_AGGRESSIVE;
				GCC_WARN_UNUSED_FUNCTION = YES;
				GCC_WARN_UNUSED_VARIABLE = YES;
				IPHONEOS_DEPLOYMENT_TARGET = 9.3;
				MTL_ENABLE_DEBUG_INFO = YES;
				ONLY_ACTIVE_ARCH = YES;
				SDKROOT = iphoneos;
			};
			name = Debug;
		};
		ACF364881D698DFF00DA5F45 /* Release */ = {
			isa = XCBuildConfiguration;
			buildSettings = {
				ALWAYS_SEARCH_USER_PATHS = NO;
				CLANG_ANALYZER_NONNULL = YES;
				CLANG_CXX_LANGUAGE_STANDARD = "gnu++0x";
				CLANG_CXX_LIBRARY = "libc++";
				CLANG_ENABLE_MODULES = YES;
				CLANG_ENABLE_OBJC_ARC = YES;
				CLANG_WARN_BOOL_CONVERSION = YES;
				CLANG_WARN_CONSTANT_CONVERSION = YES;
				CLANG_WARN_DIRECT_OBJC_ISA_USAGE = YES_ERROR;
				CLANG_WARN_EMPTY_BODY = YES;
				CLANG_WARN_ENUM_CONVERSION = YES;
				CLANG_WARN_INT_CONVERSION = YES;
				CLANG_WARN_OBJC_ROOT_CLASS = YES_ERROR;
				CLANG_WARN_UNREACHABLE_CODE = YES;
				CLANG_WARN__DUPLICATE_METHOD_MATCH = YES;
				"CODE_SIGN_IDENTITY[sdk=iphoneos*]" = "iPhone Developer";
				COPY_PHASE_STRIP = NO;
				DEBUG_INFORMATION_FORMAT = "dwarf-with-dsym";
				ENABLE_NS_ASSERTIONS = NO;
				ENABLE_STRICT_OBJC_MSGSEND = YES;
				GCC_C_LANGUAGE_STANDARD = gnu99;
				GCC_NO_COMMON_BLOCKS = YES;
				GCC_WARN_64_TO_32_BIT_CONVERSION = YES;
				GCC_WARN_ABOUT_RETURN_TYPE = YES_ERROR;
				GCC_WARN_UNDECLARED_SELECTOR = YES;
				GCC_WARN_UNINITIALIZED_AUTOS = YES_AGGRESSIVE;
				GCC_WARN_UNUSED_FUNCTION = YES;
				GCC_WARN_UNUSED_VARIABLE = YES;
				IPHONEOS_DEPLOYMENT_TARGET = 9.3;
				MTL_ENABLE_DEBUG_INFO = NO;
				SDKROOT = iphoneos;
				VALIDATE_PRODUCT = YES;
			};
			name = Release;
		};
		ACF3648A1D698DFF00DA5F45 /* Debug */ = {
			isa = XCBuildConfiguration;
			buildSettings = {
				ASSETCATALOG_COMPILER_APPICON_NAME = AppIcon;
				INFOPLIST_FILE = AnimatedSplash/Info.plist;
				LD_RUNPATH_SEARCH_PATHS = "$(inherited) @executable_path/Frameworks";
				PRODUCT_BUNDLE_IDENTIFIER = com.cracktheterm.www.AnimatedSplash;
				PRODUCT_NAME = "$(TARGET_NAME)";
			};
			name = Debug;
		};
		ACF3648B1D698DFF00DA5F45 /* Release */ = {
			isa = XCBuildConfiguration;
			buildSettings = {
				ASSETCATALOG_COMPILER_APPICON_NAME = AppIcon;
				INFOPLIST_FILE = AnimatedSplash/Info.plist;
				LD_RUNPATH_SEARCH_PATHS = "$(inherited) @executable_path/Frameworks";
				PRODUCT_BUNDLE_IDENTIFIER = com.cracktheterm.www.AnimatedSplash;
				PRODUCT_NAME = "$(TARGET_NAME)";
			};
			name = Release;
		};
/* End XCBuildConfiguration section */

/* Begin XCConfigurationList section */
		ACF3646D1D698DFE00DA5F45 /* Build configuration list for PBXProject "AnimatedSplash" */ = {
			isa = XCConfigurationList;
			buildConfigurations = (
				ACF364871D698DFF00DA5F45 /* Debug */,
				ACF364881D698DFF00DA5F45 /* Release */,
			);
			defaultConfigurationIsVisible = 0;
			defaultConfigurationName = Release;
		};
		ACF364891D698DFF00DA5F45 /* Build configuration list for PBXNativeTarget "AnimatedSplash" */ = {
			isa = XCConfigurationList;
			buildConfigurations = (
				ACF3648A1D698DFF00DA5F45 /* Debug */,
				ACF3648B1D698DFF00DA5F45 /* Release */,
			);
			defaultConfigurationIsVisible = 0;
		};
/* End XCConfigurationList section */
	};
	rootObject = ACF3646A1D698DFE00DA5F45 /* Project object */;
}
