// !$*UTF8*$!
{
	archiveVersion = 1;
	classes = {
	};
	objectVersion = 46;
	objects = {

/* Begin PBXBuildFile section */
		AC35B1DB1CBBE9BF00C8C0FF /* main.m in Sources */ = {isa = PBXBuildFile; fileRef = AC35B1DA1CBBE9BF00C8C0FF /* main.m */; };
		AC35B1DE1CBBE9BF00C8C0FF /* AppDelegate.m in Sources */ = {isa = PBXBuildFile; fileRef = AC35B1DD1CBBE9BF00C8C0FF /* AppDelegate.m */; };
		AC35B1E11CBBE9BF00C8C0FF /* ViewController.m in Sources */ = {isa = PBXBuildFile; fileRef = AC35B1E01CBBE9BF00C8C0FF /* ViewController.m */; };
		AC35B1E41CBBE9BF00C8C0FF /* Main.storyboard in Resources */ = {isa = PBXBuildFile; fileRef = AC35B1E21CBBE9BF00C8C0FF /* Main.storyboard */; };
		AC35B1E61CBBE9BF00C8C0FF /* Assets.xcassets in Resources */ = {isa = PBXBuildFile; fileRef = AC35B1E51CBBE9BF00C8C0FF /* Assets.xcassets */; };
		AC35B1E91CBBE9BF00C8C0FF /* LaunchScreen.storyboard in Resources */ = {isa = PBXBuildFile; fileRef = AC35B1E71CBBE9BF00C8C0FF /* LaunchScreen.storyboard */; };
		AC35B1F41CBBE9BF00C8C0FF /* loginAnimationTests.m in Sources */ = {isa = PBXBuildFile; fileRef = AC35B1F31CBBE9BF00C8C0FF /* loginAnimationTests.m */; };
		AC35B1FF1CBBE9BF00C8C0FF /* loginAnimationUITests.m in Sources */ = {isa = PBXBuildFile; fileRef = AC35B1FE1CBBE9BF00C8C0FF /* loginAnimationUITests.m */; };
		AC35B20F1CBBE9D700C8C0FF /* HomeViewController.m in Sources */ = {isa = PBXBuildFile; fileRef = AC35B20D1CBBE9D700C8C0FF /* HomeViewController.m */; };
		AC35B2101CBBE9D700C8C0FF /* HomeViewController.xib in Resources */ = {isa = PBXBuildFile; fileRef = AC35B20E1CBBE9D700C8C0FF /* HomeViewController.xib */; };
		AC35B2141CBBEBA700C8C0FF /* LogInViewController.m in Sources */ = {isa = PBXBuildFile; fileRef = AC35B2121CBBEBA700C8C0FF /* LogInViewController.m */; };
		AC35B2151CBBEBA700C8C0FF /* LogInViewController.xib in Resources */ = {isa = PBXBuildFile; fileRef = AC35B2131CBBEBA700C8C0FF /* LogInViewController.xib */; };
/* End PBXBuildFile section */

/* Begin PBXContainerItemProxy section */
		AC35B1F01CBBE9BF00C8C0FF /* PBXContainerItemProxy */ = {
			isa = PBXContainerItemProxy;
			containerPortal = AC35B1CE1CBBE9BF00C8C0FF /* Project object */;
			proxyType = 1;
			remoteGlobalIDString = AC35B1D51CBBE9BF00C8C0FF;
			remoteInfo = loginAnimation;
		};
		AC35B1FB1CBBE9BF00C8C0FF /* PBXContainerItemProxy */ = {
			isa = PBXContainerItemProxy;
			containerPortal = AC35B1CE1CBBE9BF00C8C0FF /* Project object */;
			proxyType = 1;
			remoteGlobalIDString = AC35B1D51CBBE9BF00C8C0FF;
			remoteInfo = loginAnimation;
		};
/* End PBXContainerItemProxy section */

/* Begin PBXFileReference section */
		AC35B1D61CBBE9BF00C8C0FF /* loginAnimation.app */ = {isa = PBXFileReference; explicitFileType = wrapper.application; includeInIndex = 0; path = loginAnimation.app; sourceTree = BUILT_PRODUCTS_DIR; };
		AC35B1DA1CBBE9BF00C8C0FF /* main.m */ = {isa = PBXFileReference; lastKnownFileType = sourcecode.c.objc; path = main.m; sourceTree = "<group>"; };
		AC35B1DC1CBBE9BF00C8C0FF /* AppDelegate.h */ = {isa = PBXFileReference; lastKnownFileType = sourcecode.c.h; path = AppDelegate.h; sourceTree = "<group>"; };
		AC35B1DD1CBBE9BF00C8C0FF /* AppDelegate.m */ = {isa = PBXFileReference; lastKnownFileType = sourcecode.c.objc; path = AppDelegate.m; sourceTree = "<group>"; };
		AC35B1DF1CBBE9BF00C8C0FF /* ViewController.h */ = {isa = PBXFileReference; lastKnownFileType = sourcecode.c.h; path = ViewController.h; sourceTree = "<group>"; };
		AC35B1E01CBBE9BF00C8C0FF /* ViewController.m */ = {isa = PBXFileReference; lastKnownFileType = sourcecode.c.objc; path = ViewController.m; sourceTree = "<group>"; };
		AC35B1E31CBBE9BF00C8C0FF /* Base */ = {isa = PBXFileReference; lastKnownFileType = file.storyboard; name = Base; path = Base.lproj/Main.storyboard; sourceTree = "<group>"; };
		AC35B1E51CBBE9BF00C8C0FF /* Assets.xcassets */ = {isa = PBXFileReference; lastKnownFileType = folder.assetcatalog; path = Assets.xcassets; sourceTree = "<group>"; };
		AC35B1E81CBBE9BF00C8C0FF /* Base */ = {isa = PBXFileReference; lastKnownFileType = file.storyboard; name = Base; path = Base.lproj/LaunchScreen.storyboard; sourceTree = "<group>"; };
		AC35B1EA1CBBE9BF00C8C0FF /* Info.plist */ = {isa = PBXFileReference; lastKnownFileType = text.plist.xml; path = Info.plist; sourceTree = "<group>"; };
		AC35B1EF1CBBE9BF00C8C0FF /* loginAnimationTests.xctest */ = {isa = PBXFileReference; explicitFileType = wrapper.cfbundle; includeInIndex = 0; path = loginAnimationTests.xctest; sourceTree = BUILT_PRODUCTS_DIR; };
		AC35B1F31CBBE9BF00C8C0FF /* loginAnimationTests.m */ = {isa = PBXFileReference; lastKnownFileType = sourcecode.c.objc; path = loginAnimationTests.m; sourceTree = "<group>"; };
		AC35B1F51CBBE9BF00C8C0FF /* Info.plist */ = {isa = PBXFileReference; lastKnownFileType = text.plist.xml; path = Info.plist; sourceTree = "<group>"; };
		AC35B1FA1CBBE9BF00C8C0FF /* loginAnimationUITests.xctest */ = {isa = PBXFileReference; explicitFileType = wrapper.cfbundle; includeInIndex = 0; path = loginAnimationUITests.xctest; sourceTree = BUILT_PRODUCTS_DIR; };
		AC35B1FE1CBBE9BF00C8C0FF /* loginAnimationUITests.m */ = {isa = PBXFileReference; lastKnownFileType = sourcecode.c.objc; path = loginAnimationUITests.m; sourceTree = "<group>"; };
		AC35B2001CBBE9BF00C8C0FF /* Info.plist */ = {isa = PBXFileReference; lastKnownFileType = text.plist.xml; path = Info.plist; sourceTree = "<group>"; };
		AC35B20C1CBBE9D700C8C0FF /* HomeViewController.h */ = {isa = PBXFileReference; fileEncoding = 4; lastKnownFileType = sourcecode.c.h; path = HomeViewController.h; sourceTree = "<group>"; };
		AC35B20D1CBBE9D700C8C0FF /* HomeViewController.m */ = {isa = PBXFileReference; fileEncoding = 4; lastKnownFileType = sourcecode.c.objc; path = HomeViewController.m; sourceTree = "<group>"; };
		AC35B20E1CBBE9D700C8C0FF /* HomeViewController.xib */ = {isa = PBXFileReference; fileEncoding = 4; lastKnownFileType = file.xib; path = HomeViewController.xib; sourceTree = "<group>"; };
		AC35B2111CBBEBA700C8C0FF /* LogInViewController.h */ = {isa = PBXFileReference; fileEncoding = 4; lastKnownFileType = sourcecode.c.h; path = LogInViewController.h; sourceTree = "<group>"; };
		AC35B2121CBBEBA700C8C0FF /* LogInViewController.m */ = {isa = PBXFileReference; fileEncoding = 4; lastKnownFileType = sourcecode.c.objc; path = LogInViewController.m; sourceTree = "<group>"; };
		AC35B2131CBBEBA700C8C0FF /* LogInViewController.xib */ = {isa = PBXFileReference; fileEncoding = 4; lastKnownFileType = file.xib; path = LogInViewController.xib; sourceTree = "<group>"; };
/* End PBXFileReference section */

/* Begin PBXFrameworksBuildPhase section */
		AC35B1D31CBBE9BF00C8C0FF /* Frameworks */ = {
			isa = PBXFrameworksBuildPhase;
			buildActionMask = 2147483647;
			files = (
			);
			runOnlyForDeploymentPostprocessing = 0;
		};
		AC35B1EC1CBBE9BF00C8C0FF /* Frameworks */ = {
			isa = PBXFrameworksBuildPhase;
			buildActionMask = 2147483647;
			files = (
			);
			runOnlyForDeploymentPostprocessing = 0;
		};
		AC35B1F71CBBE9BF00C8C0FF /* Frameworks */ = {
			isa = PBXFrameworksBuildPhase;
			buildActionMask = 2147483647;
			files = (
			);
			runOnlyForDeploymentPostprocessing = 0;
		};
/* End PBXFrameworksBuildPhase section */

/* Begin PBXGroup section */
		AC35B1CD1CBBE9BF00C8C0FF = {
			isa = PBXGroup;
			children = (
				AC35B2111CBBEBA700C8C0FF /* LogInViewController.h */,
				AC35B2121CBBEBA700C8C0FF /* LogInViewController.m */,
				AC35B2131CBBEBA700C8C0FF /* LogInViewController.xib */,
				AC35B20C1CBBE9D700C8C0FF /* HomeViewController.h */,
				AC35B20D1CBBE9D700C8C0FF /* HomeViewController.m */,
				AC35B20E1CBBE9D700C8C0FF /* HomeViewController.xib */,
				AC35B1D81CBBE9BF00C8C0FF /* loginAnimation */,
				AC35B1F21CBBE9BF00C8C0FF /* loginAnimationTests */,
				AC35B1FD1CBBE9BF00C8C0FF /* loginAnimationUITests */,
				AC35B1D71CBBE9BF00C8C0FF /* Products */,
			);
			sourceTree = "<group>";
		};
		AC35B1D71CBBE9BF00C8C0FF /* Products */ = {
			isa = PBXGroup;
			children = (
				AC35B1D61CBBE9BF00C8C0FF /* loginAnimation.app */,
				AC35B1EF1CBBE9BF00C8C0FF /* loginAnimationTests.xctest */,
				AC35B1FA1CBBE9BF00C8C0FF /* loginAnimationUITests.xctest */,
			);
			name = Products;
			sourceTree = "<group>";
		};
		AC35B1D81CBBE9BF00C8C0FF /* loginAnimation */ = {
			isa = PBXGroup;
			children = (
				AC35B1DC1CBBE9BF00C8C0FF /* AppDelegate.h */,
				AC35B1DD1CBBE9BF00C8C0FF /* AppDelegate.m */,
				AC35B1DF1CBBE9BF00C8C0FF /* ViewController.h */,
				AC35B1E01CBBE9BF00C8C0FF /* ViewController.m */,
				AC35B1E21CBBE9BF00C8C0FF /* Main.storyboard */,
				AC35B1E51CBBE9BF00C8C0FF /* Assets.xcassets */,
				AC35B1E71CBBE9BF00C8C0FF /* LaunchScreen.storyboard */,
				AC35B1EA1CBBE9BF00C8C0FF /* Info.plist */,
				AC35B1D91CBBE9BF00C8C0FF /* Supporting Files */,
			);
			path = loginAnimation;
			sourceTree = "<group>";
		};
		AC35B1D91CBBE9BF00C8C0FF /* Supporting Files */ = {
			isa = PBXGroup;
			children = (
				AC35B1DA1CBBE9BF00C8C0FF /* main.m */,
			);
			name = "Supporting Files";
			sourceTree = "<group>";
		};
		AC35B1F21CBBE9BF00C8C0FF /* loginAnimationTests */ = {
			isa = PBXGroup;
			children = (
				AC35B1F31CBBE9BF00C8C0FF /* loginAnimationTests.m */,
				AC35B1F51CBBE9BF00C8C0FF /* Info.plist */,
			);
			path = loginAnimationTests;
			sourceTree = "<group>";
		};
		AC35B1FD1CBBE9BF00C8C0FF /* loginAnimationUITests */ = {
			isa = PBXGroup;
			children = (
				AC35B1FE1CBBE9BF00C8C0FF /* loginAnimationUITests.m */,
				AC35B2001CBBE9BF00C8C0FF /* Info.plist */,
			);
			path = loginAnimationUITests;
			sourceTree = "<group>";
		};
/* End PBXGroup section */

/* Begin PBXNativeTarget section */
		AC35B1D51CBBE9BF00C8C0FF /* loginAnimation */ = {
			isa = PBXNativeTarget;
			buildConfigurationList = AC35B2031CBBE9BF00C8C0FF /* Build configuration list for PBXNativeTarget "loginAnimation" */;
			buildPhases = (
				AC35B1D21CBBE9BF00C8C0FF /* Sources */,
				AC35B1D31CBBE9BF00C8C0FF /* Frameworks */,
				AC35B1D41CBBE9BF00C8C0FF /* Resources */,
			);
			buildRules = (
			);
			dependencies = (
			);
			name = loginAnimation;
			productName = loginAnimation;
			productReference = AC35B1D61CBBE9BF00C8C0FF /* loginAnimation.app */;
			productType = "com.apple.product-type.application";
		};
		AC35B1EE1CBBE9BF00C8C0FF /* loginAnimationTests */ = {
			isa = PBXNativeTarget;
			buildConfigurationList = AC35B2061CBBE9BF00C8C0FF /* Build configuration list for PBXNativeTarget "loginAnimationTests" */;
			buildPhases = (
				AC35B1EB1CBBE9BF00C8C0FF /* Sources */,
				AC35B1EC1CBBE9BF00C8C0FF /* Frameworks */,
				AC35B1ED1CBBE9BF00C8C0FF /* Resources */,
			);
			buildRules = (
			);
			dependencies = (
				AC35B1F11CBBE9BF00C8C0FF /* PBXTargetDependency */,
			);
			name = loginAnimationTests;
			productName = loginAnimationTests;
			productReference = AC35B1EF1CBBE9BF00C8C0FF /* loginAnimationTests.xctest */;
			productType = "com.apple.product-type.bundle.unit-test";
		};
		AC35B1F91CBBE9BF00C8C0FF /* loginAnimationUITests */ = {
			isa = PBXNativeTarget;
			buildConfigurationList = AC35B2091CBBE9BF00C8C0FF /* Build configuration list for PBXNativeTarget "loginAnimationUITests" */;
			buildPhases = (
				AC35B1F61CBBE9BF00C8C0FF /* Sources */,
				AC35B1F71CBBE9BF00C8C0FF /* Frameworks */,
				AC35B1F81CBBE9BF00C8C0FF /* Resources */,
			);
			buildRules = (
			);
			dependencies = (
				AC35B1FC1CBBE9BF00C8C0FF /* PBXTargetDependency */,
			);
			name = loginAnimationUITests;
			productName = loginAnimationUITests;
			productReference = AC35B1FA1CBBE9BF00C8C0FF /* loginAnimationUITests.xctest */;
			productType = "com.apple.product-type.bundle.ui-testing";
		};
/* End PBXNativeTarget section */

/* Begin PBXProject section */
		AC35B1CE1CBBE9BF00C8C0FF /* Project object */ = {
			isa = PBXProject;
			attributes = {
				LastUpgradeCheck = 0730;
				ORGANIZATIONNAME = "Kuan-Wei Lin";
				TargetAttributes = {
					AC35B1D51CBBE9BF00C8C0FF = {
						CreatedOnToolsVersion = 7.3;
					};
					AC35B1EE1CBBE9BF00C8C0FF = {
						CreatedOnToolsVersion = 7.3;
						TestTargetID = AC35B1D51CBBE9BF00C8C0FF;
					};
					AC35B1F91CBBE9BF00C8C0FF = {
						CreatedOnToolsVersion = 7.3;
						TestTargetID = AC35B1D51CBBE9BF00C8C0FF;
					};
				};
			};
			buildConfigurationList = AC35B1D11CBBE9BF00C8C0FF /* Build configuration list for PBXProject "loginAnimation" */;
			compatibilityVersion = "Xcode 3.2";
			developmentRegion = English;
			hasScannedForEncodings = 0;
			knownRegions = (
				en,
				Base,
			);
			mainGroup = AC35B1CD1CBBE9BF00C8C0FF;
			productRefGroup = AC35B1D71CBBE9BF00C8C0FF /* Products */;
			projectDirPath = "";
			projectRoot = "";
			targets = (
				AC35B1D51CBBE9BF00C8C0FF /* loginAnimation */,
				AC35B1EE1CBBE9BF00C8C0FF /* loginAnimationTests */,
				AC35B1F91CBBE9BF00C8C0FF /* loginAnimationUITests */,
			);
		};
/* End PBXProject section */

/* Begin PBXResourcesBuildPhase section */
		AC35B1D41CBBE9BF00C8C0FF /* Resources */ = {
			isa = PBXResourcesBuildPhase;
			buildActionMask = 2147483647;
			files = (
				AC35B1E91CBBE9BF00C8C0FF /* LaunchScreen.storyboard in Resources */,
				AC35B1E61CBBE9BF00C8C0FF /* Assets.xcassets in Resources */,
				AC35B1E41CBBE9BF00C8C0FF /* Main.storyboard in Resources */,
				AC35B2101CBBE9D700C8C0FF /* HomeViewController.xib in Resources */,
				AC35B2151CBBEBA700C8C0FF /* LogInViewController.xib in Resources */,
			);
			runOnlyForDeploymentPostprocessing = 0;
		};
		AC35B1ED1CBBE9BF00C8C0FF /* Resources */ = {
			isa = PBXResourcesBuildPhase;
			buildActionMask = 2147483647;
			files = (
			);
			runOnlyForDeploymentPostprocessing = 0;
		};
		AC35B1F81CBBE9BF00C8C0FF /* Resources */ = {
			isa = PBXResourcesBuildPhase;
			buildActionMask = 2147483647;
			files = (
			);
			runOnlyForDeploymentPostprocessing = 0;
		};
/* End PBXResourcesBuildPhase section */

/* Begin PBXSourcesBuildPhase section */
		AC35B1D21CBBE9BF00C8C0FF /* Sources */ = {
			isa = PBXSourcesBuildPhase;
			buildActionMask = 2147483647;
			files = (
				AC35B1E11CBBE9BF00C8C0FF /* ViewController.m in Sources */,
				AC35B1DE1CBBE9BF00C8C0FF /* AppDelegate.m in Sources */,
				AC35B2141CBBEBA700C8C0FF /* LogInViewController.m in Sources */,
				AC35B1DB1CBBE9BF00C8C0FF /* main.m in Sources */,
				AC35B20F1CBBE9D700C8C0FF /* HomeViewController.m in Sources */,
			);
			runOnlyForDeploymentPostprocessing = 0;
		};
		AC35B1EB1CBBE9BF00C8C0FF /* Sources */ = {
			isa = PBXSourcesBuildPhase;
			buildActionMask = 2147483647;
			files = (
				AC35B1F41CBBE9BF00C8C0FF /* loginAnimationTests.m in Sources */,
			);
			runOnlyForDeploymentPostprocessing = 0;
		};
		AC35B1F61CBBE9BF00C8C0FF /* Sources */ = {
			isa = PBXSourcesBuildPhase;
			buildActionMask = 2147483647;
			files = (
				AC35B1FF1CBBE9BF00C8C0FF /* loginAnimationUITests.m in Sources */,
			);
			runOnlyForDeploymentPostprocessing = 0;
		};
/* End PBXSourcesBuildPhase section */

/* Begin PBXTargetDependency section */
		AC35B1F11CBBE9BF00C8C0FF /* PBXTargetDependency */ = {
			isa = PBXTargetDependency;
			target = AC35B1D51CBBE9BF00C8C0FF /* loginAnimation */;
			targetProxy = AC35B1F01CBBE9BF00C8C0FF /* PBXContainerItemProxy */;
		};
		AC35B1FC1CBBE9BF00C8C0FF /* PBXTargetDependency */ = {
			isa = PBXTargetDependency;
			target = AC35B1D51CBBE9BF00C8C0FF /* loginAnimation */;
			targetProxy = AC35B1FB1CBBE9BF00C8C0FF /* PBXContainerItemProxy */;
		};
/* End PBXTargetDependency section */

/* Begin PBXVariantGroup section */
		AC35B1E21CBBE9BF00C8C0FF /* Main.storyboard */ = {
			isa = PBXVariantGroup;
			children = (
				AC35B1E31CBBE9BF00C8C0FF /* Base */,
			);
			name = Main.storyboard;
			sourceTree = "<group>";
		};
		AC35B1E71CBBE9BF00C8C0FF /* LaunchScreen.storyboard */ = {
			isa = PBXVariantGroup;
			children = (
				AC35B1E81CBBE9BF00C8C0FF /* Base */,
			);
			name = LaunchScreen.storyboard;
			sourceTree = "<group>";
		};
/* End PBXVariantGroup section */

/* Begin XCBuildConfiguration section */
		AC35B2011CBBE9BF00C8C0FF /* Debug */ = {
			isa = XCBuildConfiguration;
			buildSettings = {
				ALWAYS_SEARCH_USER_PATHS = NO;
				CLANG_ANALYZER_NONNULL = YES;
				CLANG_CXX_LANGUAGE_STANDARD = "gnu++0x";
				CLANG_CXX_LIBRARY = "libc++";
				CLANG_ENABLE_MODULES = YES;
				CLANG_ENABLE_OBJC_ARC = YES;
				CLANG_WARN_BOOL_CONVERSION = YES;
				CLANG_WARN_CONSTANT_CONVERSION = YES;
				CLANG_WARN_DIRECT_OBJC_ISA_USAGE = YES_ERROR;
				CLANG_WARN_EMPTY_BODY = YES;
				CLANG_WARN_ENUM_CONVERSION = YES;
				CLANG_WARN_INT_CONVERSION = YES;
				CLANG_WARN_OBJC_ROOT_CLASS = YES_ERROR;
				CLANG_WARN_UNREACHABLE_CODE = YES;
				CLANG_WARN__DUPLICATE_METHOD_MATCH = YES;
				"CODE_SIGN_IDENTITY[sdk=iphoneos*]" = "iPhone Developer";
				COPY_PHASE_STRIP = NO;
				DEBUG_INFORMATION_FORMAT = dwarf;
				ENABLE_STRICT_OBJC_MSGSEND = YES;
				ENABLE_TESTABILITY = YES;
				GCC_C_LANGUAGE_STANDARD = gnu99;
				GCC_DYNAMIC_NO_PIC = NO;
				GCC_NO_COMMON_BLOCKS = YES;
				GCC_OPTIMIZATION_LEVEL = 0;
				GCC_PREPROCESSOR_DEFINITIONS = (
					"DEBUG=1",
					"$(inherited)",
				);
				GCC_WARN_64_TO_32_BIT_CONVERSION = YES;
				GCC_WARN_ABOUT_RETURN_TYPE = YES_ERROR;
				GCC_WARN_UNDECLARED_SELECTOR = YES;
				GCC_WARN_UNINITIALIZED_AUTOS = YES_AGGRESSIVE;
				GCC_WARN_UNUSED_FUNCTION = YES;
				GCC_WARN_UNUSED_VARIABLE = YES;
				IPHONEOS_DEPLOYMENT_TARGET = 9.3;
				MTL_ENABLE_DEBUG_INFO = YES;
				ONLY_ACTIVE_ARCH = YES;
				SDKROOT = iphoneos;
			};
			name = Debug;
		};
		AC35B2021CBBE9BF00C8C0FF /* Release */ = {
			isa = XCBuildConfiguration;
			buildSettings = {
				ALWAYS_SEARCH_USER_PATHS = NO;
				CLANG_ANALYZER_NONNULL = YES;
				CLANG_CXX_LANGUAGE_STANDARD = "gnu++0x";
				CLANG_CXX_LIBRARY = "libc++";
				CLANG_ENABLE_MODULES = YES;
				CLANG_ENABLE_OBJC_ARC = YES;
				CLANG_WARN_BOOL_CONVERSION = YES;
				CLANG_WARN_CONSTANT_CONVERSION = YES;
				CLANG_WARN_DIRECT_OBJC_ISA_USAGE = YES_ERROR;
				CLANG_WARN_EMPTY_BODY = YES;
				CLANG_WARN_ENUM_CONVERSION = YES;
				CLANG_WARN_INT_CONVERSION = YES;
				CLANG_WARN_OBJC_ROOT_CLASS = YES_ERROR;
				CLANG_WARN_UNREACHABLE_CODE = YES;
				CLANG_WARN__DUPLICATE_METHOD_MATCH = YES;
				"CODE_SIGN_IDENTITY[sdk=iphoneos*]" = "iPhone Developer";
				COPY_PHASE_STRIP = NO;
				DEBUG_INFORMATION_FORMAT = "dwarf-with-dsym";
				ENABLE_NS_ASSERTIONS = NO;
				ENABLE_STRICT_OBJC_MSGSEND = YES;
				GCC_C_LANGUAGE_STANDARD = gnu99;
				GCC_NO_COMMON_BLOCKS = YES;
				GCC_WARN_64_TO_32_BIT_CONVERSION = YES;
				GCC_WARN_ABOUT_RETURN_TYPE = YES_ERROR;
				GCC_WARN_UNDECLARED_SELECTOR = YES;
				GCC_WARN_UNINITIALIZED_AUTOS = YES_AGGRESSIVE;
				GCC_WARN_UNUSED_FUNCTION = YES;
				GCC_WARN_UNUSED_VARIABLE = YES;
				IPHONEOS_DEPLOYMENT_TARGET = 9.3;
				MTL_ENABLE_DEBUG_INFO = NO;
				SDKROOT = iphoneos;
				VALIDATE_PRODUCT = YES;
			};
			name = Release;
		};
		AC35B2041CBBE9BF00C8C0FF /* Debug */ = {
			isa = XCBuildConfiguration;
			buildSettings = {
				ASSETCATALOG_COMPILER_APPICON_NAME = AppIcon;
				INFOPLIST_FILE = loginAnimation/Info.plist;
				LD_RUNPATH_SEARCH_PATHS = "$(inherited) @executable_path/Frameworks";
				PRODUCT_BUNDLE_IDENTIFIER = com.cracktheterm.www.loginAnimation;
				PRODUCT_NAME = "$(TARGET_NAME)";
			};
			name = Debug;
		};
		AC35B2051CBBE9BF00C8C0FF /* Release */ = {
			isa = XCBuildConfiguration;
			buildSettings = {
				ASSETCATALOG_COMPILER_APPICON_NAME = AppIcon;
				INFOPLIST_FILE = loginAnimation/Info.plist;
				LD_RUNPATH_SEARCH_PATHS = "$(inherited) @executable_path/Frameworks";
				PRODUCT_BUNDLE_IDENTIFIER = com.cracktheterm.www.loginAnimation;
				PRODUCT_NAME = "$(TARGET_NAME)";
			};
			name = Release;
		};
		AC35B2071CBBE9BF00C8C0FF /* Debug */ = {
			isa = XCBuildConfiguration;
			buildSettings = {
				BUNDLE_LOADER = "$(TEST_HOST)";
				INFOPLIST_FILE = loginAnimationTests/Info.plist;
				LD_RUNPATH_SEARCH_PATHS = "$(inherited) @executable_path/Frameworks @loader_path/Frameworks";
				PRODUCT_BUNDLE_IDENTIFIER = com.cracktheterm.www.loginAnimationTests;
				PRODUCT_NAME = "$(TARGET_NAME)";
				TEST_HOST = "$(BUILT_PRODUCTS_DIR)/loginAnimation.app/loginAnimation";
			};
			name = Debug;
		};
		AC35B2081CBBE9BF00C8C0FF /* Release */ = {
			isa = XCBuildConfiguration;
			buildSettings = {
				BUNDLE_LOADER = "$(TEST_HOST)";
				INFOPLIST_FILE = loginAnimationTests/Info.plist;
				LD_RUNPATH_SEARCH_PATHS = "$(inherited) @executable_path/Frameworks @loader_path/Frameworks";
				PRODUCT_BUNDLE_IDENTIFIER = com.cracktheterm.www.loginAnimationTests;
				PRODUCT_NAME = "$(TARGET_NAME)";
				TEST_HOST = "$(BUILT_PRODUCTS_DIR)/loginAnimation.app/loginAnimation";
			};
			name = Release;
		};
		AC35B20A1CBBE9BF00C8C0FF /* Debug */ = {
			isa = XCBuildConfiguration;
			buildSettings = {
				INFOPLIST_FILE = loginAnimationUITests/Info.plist;
				LD_RUNPATH_SEARCH_PATHS = "$(inherited) @executable_path/Frameworks @loader_path/Frameworks";
				PRODUCT_BUNDLE_IDENTIFIER = com.cracktheterm.www.loginAnimationUITests;
				PRODUCT_NAME = "$(TARGET_NAME)";
				TEST_TARGET_NAME = loginAnimation;
			};
			name = Debug;
		};
		AC35B20B1CBBE9BF00C8C0FF /* Release */ = {
			isa = XCBuildConfiguration;
			buildSettings = {
				INFOPLIST_FILE = loginAnimationUITests/Info.plist;
				LD_RUNPATH_SEARCH_PATHS = "$(inherited) @executable_path/Frameworks @loader_path/Frameworks";
				PRODUCT_BUNDLE_IDENTIFIER = com.cracktheterm.www.loginAnimationUITests;
				PRODUCT_NAME = "$(TARGET_NAME)";
				TEST_TARGET_NAME = loginAnimation;
			};
			name = Release;
		};
/* End XCBuildConfiguration section */

/* Begin XCConfigurationList section */
		AC35B1D11CBBE9BF00C8C0FF /* Build configuration list for PBXProject "loginAnimation" */ = {
			isa = XCConfigurationList;
			buildConfigurations = (
				AC35B2011CBBE9BF00C8C0FF /* Debug */,
				AC35B2021CBBE9BF00C8C0FF /* Release */,
			);
			defaultConfigurationIsVisible = 0;
			defaultConfigurationName = Release;
		};
		AC35B2031CBBE9BF00C8C0FF /* Build configuration list for PBXNativeTarget "loginAnimation" */ = {
			isa = XCConfigurationList;
			buildConfigurations = (
				AC35B2041CBBE9BF00C8C0FF /* Debug */,
				AC35B2051CBBE9BF00C8C0FF /* Release */,
			);
			defaultConfigurationIsVisible = 0;
		};
		AC35B2061CBBE9BF00C8C0FF /* Build configuration list for PBXNativeTarget "loginAnimationTests" */ = {
			isa = XCConfigurationList;
			buildConfigurations = (
				AC35B2071CBBE9BF00C8C0FF /* Debug */,
				AC35B2081CBBE9BF00C8C0FF /* Release */,
			);
			defaultConfigurationIsVisible = 0;
		};
		AC35B2091CBBE9BF00C8C0FF /* Build configuration list for PBXNativeTarget "loginAnimationUITests" */ = {
			isa = XCConfigurationList;
			buildConfigurations = (
				AC35B20A1CBBE9BF00C8C0FF /* Debug */,
				AC35B20B1CBBE9BF00C8C0FF /* Release */,
			);
			defaultConfigurationIsVisible = 0;
		};
/* End XCConfigurationList section */
	};
	rootObject = AC35B1CE1CBBE9BF00C8C0FF /* Project object */;
}
