// !$*UTF8*$!
{
	archiveVersion = 1;
	classes = {
	};
	objectVersion = 46;
	objects = {

/* Begin PBXBuildFile section */
		AC7CCFB81D682ECC000BFB07 /* main.m in Sources */ = {isa = PBXBuildFile; fileRef = AC7CCFB71D682ECC000BFB07 /* main.m */; };
		AC7CCFBB1D682ECC000BFB07 /* AppDelegate.m in Sources */ = {isa = PBXBuildFile; fileRef = AC7CCFBA1D682ECC000BFB07 /* AppDelegate.m */; };
		AC7CCFBE1D682ECC000BFB07 /* ViewController.m in Sources */ = {isa = PBXBuildFile; fileRef = AC7CCFBD1D682ECC000BFB07 /* ViewController.m */; };
		AC7CCFC11D682ECC000BFB07 /* Main.storyboard in Resources */ = {isa = PBXBuildFile; fileRef = AC7CCFBF1D682ECC000BFB07 /* Main.storyboard */; };
		AC7CCFC31D682ECC000BFB07 /* Assets.xcassets in Resources */ = {isa = PBXBuildFile; fileRef = AC7CCFC21D682ECC000BFB07 /* Assets.xcassets */; };
		AC7CCFC61D682ECC000BFB07 /* LaunchScreen.storyboard in Resources */ = {isa = PBXBuildFile; fileRef = AC7CCFC41D682ECC000BFB07 /* LaunchScreen.storyboard */; };
/* End PBXBuildFile section */

/* Begin PBXFileReference section */
		AC7CCFB31D682ECC000BFB07 /* EmojiSlotMachine.app */ = {isa = PBXFileReference; explicitFileType = wrapper.application; includeInIndex = 0; path = EmojiSlotMachine.app; sourceTree = BUILT_PRODUCTS_DIR; };
		AC7CCFB71D682ECC000BFB07 /* main.m */ = {isa = PBXFileReference; lastKnownFileType = sourcecode.c.objc; path = main.m; sourceTree = "<group>"; };
		AC7CCFB91D682ECC000BFB07 /* AppDelegate.h */ = {isa = PBXFileReference; lastKnownFileType = sourcecode.c.h; path = AppDelegate.h; sourceTree = "<group>"; };
		AC7CCFBA1D682ECC000BFB07 /* AppDelegate.m */ = {isa = PBXFileReference; lastKnownFileType = sourcecode.c.objc; path = AppDelegate.m; sourceTree = "<group>"; };
		AC7CCFBC1D682ECC000BFB07 /* ViewController.h */ = {isa = PBXFileReference; lastKnownFileType = sourcecode.c.h; path = ViewController.h; sourceTree = "<group>"; };
		AC7CCFBD1D682ECC000BFB07 /* ViewController.m */ = {isa = PBXFileReference; lastKnownFileType = sourcecode.c.objc; path = ViewController.m; sourceTree = "<group>"; };
		AC7CCFC01D682ECC000BFB07 /* Base */ = {isa = PBXFileReference; lastKnownFileType = file.storyboard; name = Base; path = Base.lproj/Main.storyboard; sourceTree = "<group>"; };
		AC7CCFC21D682ECC000BFB07 /* Assets.xcassets */ = {isa = PBXFileReference; lastKnownFileType = folder.assetcatalog; path = Assets.xcassets; sourceTree = "<group>"; };
		AC7CCFC51D682ECC000BFB07 /* Base */ = {isa = PBXFileReference; lastKnownFileType = file.storyboard; name = Base; path = Base.lproj/LaunchScreen.storyboard; sourceTree = "<group>"; };
		AC7CCFC71D682ECC000BFB07 /* Info.plist */ = {isa = PBXFileReference; lastKnownFileType = text.plist.xml; path = Info.plist; sourceTree = "<group>"; };
/* End PBXFileReference section */

/* Begin PBXFrameworksBuildPhase section */
		AC7CCFB01D682ECC000BFB07 /* Frameworks */ = {
			isa = PBXFrameworksBuildPhase;
			buildActionMask = 2147483647;
			files = (
			);
			runOnlyForDeploymentPostprocessing = 0;
		};
/* End PBXFrameworksBuildPhase section */

/* Begin PBXGroup section */
		AC7CCFAA1D682ECC000BFB07 = {
			isa = PBXGroup;
			children = (
				AC7CCFB51D682ECC000BFB07 /* EmojiSlotMachine */,
				AC7CCFB41D682ECC000BFB07 /* Products */,
			);
			sourceTree = "<group>";
		};
		AC7CCFB41D682ECC000BFB07 /* Products */ = {
			isa = PBXGroup;
			children = (
				AC7CCFB31D682ECC000BFB07 /* EmojiSlotMachine.app */,
			);
			name = Products;
			sourceTree = "<group>";
		};
		AC7CCFB51D682ECC000BFB07 /* EmojiSlotMachine */ = {
			isa = PBXGroup;
			children = (
				AC7CCFB91D682ECC000BFB07 /* AppDelegate.h */,
				AC7CCFBA1D682ECC000BFB07 /* AppDelegate.m */,
				AC7CCFBC1D682ECC000BFB07 /* ViewController.h */,
				AC7CCFBD1D682ECC000BFB07 /* ViewController.m */,
				AC7CCFBF1D682ECC000BFB07 /* Main.storyboard */,
				AC7CCFC21D682ECC000BFB07 /* Assets.xcassets */,
				AC7CCFC41D682ECC000BFB07 /* LaunchScreen.storyboard */,
				AC7CCFC71D682ECC000BFB07 /* Info.plist */,
				AC7CCFB61D682ECC000BFB07 /* Supporting Files */,
			);
			path = EmojiSlotMachine;
			sourceTree = "<group>";
		};
		AC7CCFB61D682ECC000BFB07 /* Supporting Files */ = {
			isa = PBXGroup;
			children = (
				AC7CCFB71D682ECC000BFB07 /* main.m */,
			);
			name = "Supporting Files";
			sourceTree = "<group>";
		};
/* End PBXGroup section */

/* Begin PBXNativeTarget section */
		AC7CCFB21D682ECC000BFB07 /* EmojiSlotMachine */ = {
			isa = PBXNativeTarget;
			buildConfigurationList = AC7CCFCA1D682ECC000BFB07 /* Build configuration list for PBXNativeTarget "EmojiSlotMachine" */;
			buildPhases = (
				AC7CCFAF1D682ECC000BFB07 /* Sources */,
				AC7CCFB01D682ECC000BFB07 /* Frameworks */,
				AC7CCFB11D682ECC000BFB07 /* Resources */,
			);
			buildRules = (
			);
			dependencies = (
			);
			name = EmojiSlotMachine;
			productName = EmojiSlotMachine;
			productReference = AC7CCFB31D682ECC000BFB07 /* EmojiSlotMachine.app */;
			productType = "com.apple.product-type.application";
		};
/* End PBXNativeTarget section */

/* Begin PBXProject section */
		AC7CCFAB1D682ECC000BFB07 /* Project object */ = {
			isa = PBXProject;
			attributes = {
				LastUpgradeCheck = 0730;
				ORGANIZATIONNAME = "Kuan-Wei Lin";
				TargetAttributes = {
					AC7CCFB21D682ECC000BFB07 = {
						CreatedOnToolsVersion = 7.3.1;
					};
				};
			};
			buildConfigurationList = AC7CCFAE1D682ECC000BFB07 /* Build configuration list for PBXProject "EmojiSlotMachine" */;
			compatibilityVersion = "Xcode 3.2";
			developmentRegion = English;
			hasScannedForEncodings = 0;
			knownRegions = (
				en,
				Base,
			);
			mainGroup = AC7CCFAA1D682ECC000BFB07;
			productRefGroup = AC7CCFB41D682ECC000BFB07 /* Products */;
			projectDirPath = "";
			projectRoot = "";
			targets = (
				AC7CCFB21D682ECC000BFB07 /* EmojiSlotMachine */,
			);
		};
/* End PBXProject section */

/* Begin PBXResourcesBuildPhase section */
		AC7CCFB11D682ECC000BFB07 /* Resources */ = {
			isa = PBXResourcesBuildPhase;
			buildActionMask = 2147483647;
			files = (
				AC7CCFC61D682ECC000BFB07 /* LaunchScreen.storyboard in Resources */,
				AC7CCFC31D682ECC000BFB07 /* Assets.xcassets in Resources */,
				AC7CCFC11D682ECC000BFB07 /* Main.storyboard in Resources */,
			);
			runOnlyForDeploymentPostprocessing = 0;
		};
/* End PBXResourcesBuildPhase section */

/* Begin PBXSourcesBuildPhase section */
		AC7CCFAF1D682ECC000BFB07 /* Sources */ = {
			isa = PBXSourcesBuildPhase;
			buildActionMask = 2147483647;
			files = (
				AC7CCFBE1D682ECC000BFB07 /* ViewController.m in Sources */,
				AC7CCFBB1D682ECC000BFB07 /* AppDelegate.m in Sources */,
				AC7CCFB81D682ECC000BFB07 /* main.m in Sources */,
			);
			runOnlyForDeploymentPostprocessing = 0;
		};
/* End PBXSourcesBuildPhase section */

/* Begin PBXVariantGroup section */
		AC7CCFBF1D682ECC000BFB07 /* Main.storyboard */ = {
			isa = PBXVariantGroup;
			children = (
				AC7CCFC01D682ECC000BFB07 /* Base */,
			);
			name = Main.storyboard;
			sourceTree = "<group>";
		};
		AC7CCFC41D682ECC000BFB07 /* LaunchScreen.storyboard */ = {
			isa = PBXVariantGroup;
			children = (
				AC7CCFC51D682ECC000BFB07 /* Base */,
			);
			name = LaunchScreen.storyboard;
			sourceTree = "<group>";
		};
/* End PBXVariantGroup section */

/* Begin XCBuildConfiguration section */
		AC7CCFC81D682ECC000BFB07 /* Debug */ = {
			isa = XCBuildConfiguration;
			buildSettings = {
				ALWAYS_SEARCH_USER_PATHS = NO;
				CLANG_ANALYZER_NONNULL = YES;
				CLANG_CXX_LANGUAGE_STANDARD = "gnu++0x";
				CLANG_CXX_LIBRARY = "libc++";
				CLANG_ENABLE_MODULES = YES;
				CLANG_ENABLE_OBJC_ARC = YES;
				CLANG_WARN_BOOL_CONVERSION = YES;
				CLANG_WARN_CONSTANT_CONVERSION = YES;
				CLANG_WARN_DIRECT_OBJC_ISA_USAGE = YES_ERROR;
				CLANG_WARN_EMPTY_BODY = YES;
				CLANG_WARN_ENUM_CONVERSION = YES;
				CLANG_WARN_INT_CONVERSION = YES;
				CLANG_WARN_OBJC_ROOT_CLASS = YES_ERROR;
				CLANG_WARN_UNREACHABLE_CODE = YES;
				CLANG_WARN__DUPLICATE_METHOD_MATCH = YES;
				"CODE_SIGN_IDENTITY[sdk=iphoneos*]" = "iPhone Developer";
				COPY_PHASE_STRIP = NO;
				DEBUG_INFORMATION_FORMAT = dwarf;
				ENABLE_STRICT_OBJC_MSGSEND = YES;
				ENABLE_TESTABILITY = YES;
				GCC_C_LANGUAGE_STANDARD = gnu99;
				GCC_DYNAMIC_NO_PIC = NO;
				GCC_NO_COMMON_BLOCKS = YES;
				GCC_OPTIMIZATION_LEVEL = 0;
				GCC_PREPROCESSOR_DEFINITIONS = (
					"DEBUG=1",
					"$(inherited)",
				);
				GCC_WARN_64_TO_32_BIT_CONVERSION = YES;
				GCC_WARN_ABOUT_RETURN_TYPE = YES_ERROR;
				GCC_WARN_UNDECLARED_SELECTOR = YES;
				GCC_WARN_UNINITIALIZED_AUTOS = YES_AGGRESSIVE;
				GCC_WARN_UNUSED_FUNCTION = YES;
				GCC_WARN_UNUSED_VARIABLE = YES;
				IPHONEOS_DEPLOYMENT_TARGET = 9.3;
				MTL_ENABLE_DEBUG_INFO = YES;
				ONLY_ACTIVE_ARCH = YES;
				SDKROOT = iphoneos;
			};
			name = Debug;
		};
		AC7CCFC91D682ECC000BFB07 /* Release */ = {
			isa = XCBuildConfiguration;
			buildSettings = {
				ALWAYS_SEARCH_USER_PATHS = NO;
				CLANG_ANALYZER_NONNULL = YES;
				CLANG_CXX_LANGUAGE_STANDARD = "gnu++0x";
				CLANG_CXX_LIBRARY = "libc++";
				CLANG_ENABLE_MODULES = YES;
				CLANG_ENABLE_OBJC_ARC = YES;
				CLANG_WARN_BOOL_CONVERSION = YES;
				CLANG_WARN_CONSTANT_CONVERSION = YES;
				CLANG_WARN_DIRECT_OBJC_ISA_USAGE = YES_ERROR;
				CLANG_WARN_EMPTY_BODY = YES;
				CLANG_WARN_ENUM_CONVERSION = YES;
				CLANG_WARN_INT_CONVERSION = YES;
				CLANG_WARN_OBJC_ROOT_CLASS = YES_ERROR;
				CLANG_WARN_UNREACHABLE_CODE = YES;
				CLANG_WARN__DUPLICATE_METHOD_MATCH = YES;
				"CODE_SIGN_IDENTITY[sdk=iphoneos*]" = "iPhone Developer";
				COPY_PHASE_STRIP = NO;
				DEBUG_INFORMATION_FORMAT = "dwarf-with-dsym";
				ENABLE_NS_ASSERTIONS = NO;
				ENABLE_STRICT_OBJC_MSGSEND = YES;
				GCC_C_LANGUAGE_STANDARD = gnu99;
				GCC_NO_COMMON_BLOCKS = YES;
				GCC_WARN_64_TO_32_BIT_CONVERSION = YES;
				GCC_WARN_ABOUT_RETURN_TYPE = YES_ERROR;
				GCC_WARN_UNDECLARED_SELECTOR = YES;
				GCC_WARN_UNINITIALIZED_AUTOS = YES_AGGRESSIVE;
				GCC_WARN_UNUSED_FUNCTION = YES;
				GCC_WARN_UNUSED_VARIABLE = YES;
				IPHONEOS_DEPLOYMENT_TARGET = 9.3;
				MTL_ENABLE_DEBUG_INFO = NO;
				SDKROOT = iphoneos;
				VALIDATE_PRODUCT = YES;
			};
			name = Release;
		};
		AC7CCFCB1D682ECC000BFB07 /* Debug */ = {
			isa = XCBuildConfiguration;
			buildSettings = {
				ASSETCATALOG_COMPILER_APPICON_NAME = AppIcon;
				INFOPLIST_FILE = EmojiSlotMachine/Info.plist;
				LD_RUNPATH_SEARCH_PATHS = "$(inherited) @executable_path/Frameworks";
				PRODUCT_BUNDLE_IDENTIFIER = com.cracktheterm.www.EmojiSlotMachine;
				PRODUCT_NAME = "$(TARGET_NAME)";
			};
			name = Debug;
		};
		AC7CCFCC1D682ECC000BFB07 /* Release */ = {
			isa = XCBuildConfiguration;
			buildSettings = {
				ASSETCATALOG_COMPILER_APPICON_NAME = AppIcon;
				INFOPLIST_FILE = EmojiSlotMachine/Info.plist;
				LD_RUNPATH_SEARCH_PATHS = "$(inherited) @executable_path/Frameworks";
				PRODUCT_BUNDLE_IDENTIFIER = com.cracktheterm.www.EmojiSlotMachine;
				PRODUCT_NAME = "$(TARGET_NAME)";
			};
			name = Release;
		};
/* End XCBuildConfiguration section */

/* Begin XCConfigurationList section */
		AC7CCFAE1D682ECC000BFB07 /* Build configuration list for PBXProject "EmojiSlotMachine" */ = {
			isa = XCConfigurationList;
			buildConfigurations = (
				AC7CCFC81D682ECC000BFB07 /* Debug */,
				AC7CCFC91D682ECC000BFB07 /* Release */,
			);
			defaultConfigurationIsVisible = 0;
			defaultConfigurationName = Release;
		};
		AC7CCFCA1D682ECC000BFB07 /* Build configuration list for PBXNativeTarget "EmojiSlotMachine" */ = {
			isa = XCConfigurationList;
			buildConfigurations = (
				AC7CCFCB1D682ECC000BFB07 /* Debug */,
				AC7CCFCC1D682ECC000BFB07 /* Release */,
			);
			defaultConfigurationIsVisible = 0;
		};
/* End XCConfigurationList section */
	};
	rootObject = AC7CCFAB1D682ECC000BFB07 /* Project object */;
}
