// !$*UTF8*$!
{
	archiveVersion = 1;
	classes = {
	};
	objectVersion = 46;
	objects = {

/* Begin PBXBuildFile section */
		AC69DD771D8D217F005BED5F /* main.m in Sources */ = {isa = PBXBuildFile; fileRef = AC69DD761D8D217F005BED5F /* main.m */; };
		AC69DD7A1D8D217F005BED5F /* AppDelegate.m in Sources */ = {isa = PBXBuildFile; fileRef = AC69DD791D8D217F005BED5F /* AppDelegate.m */; };
		AC69DD7D1D8D217F005BED5F /* ViewController.m in Sources */ = {isa = PBXBuildFile; fileRef = AC69DD7C1D8D217F005BED5F /* ViewController.m */; };
		AC69DD801D8D217F005BED5F /* Main.storyboard in Resources */ = {isa = PBXBuildFile; fileRef = AC69DD7E1D8D217F005BED5F /* Main.storyboard */; };
		AC69DD821D8D217F005BED5F /* Assets.xcassets in Resources */ = {isa = PBXBuildFile; fileRef = AC69DD811D8D217F005BED5F /* Assets.xcassets */; };
		AC69DD851D8D217F005BED5F /* LaunchScreen.storyboard in Resources */ = {isa = PBXBuildFile; fileRef = AC69DD831D8D217F005BED5F /* LaunchScreen.storyboard */; };
		AC69DD8E1D8D239D005BED5F /* PositionViewController.m in Sources */ = {isa = PBXBuildFile; fileRef = AC69DD8D1D8D239D005BED5F /* PositionViewController.m */; };
		AC69DD911D8D23AC005BED5F /* OpacityViewController.m in Sources */ = {isa = PBXBuildFile; fileRef = AC69DD901D8D23AC005BED5F /* OpacityViewController.m */; };
		AC69DD941D8D23B8005BED5F /* ScaleViewController.m in Sources */ = {isa = PBXBuildFile; fileRef = AC69DD931D8D23B8005BED5F /* ScaleViewController.m */; };
		AC69DD971D8D23C7005BED5F /* ColorViewController.m in Sources */ = {isa = PBXBuildFile; fileRef = AC69DD961D8D23C7005BED5F /* ColorViewController.m */; };
		AC69DD9A1D8D23D7005BED5F /* RotationViewController.m in Sources */ = {isa = PBXBuildFile; fileRef = AC69DD991D8D23D7005BED5F /* RotationViewController.m */; };
/* End PBXBuildFile section */

/* Begin PBXFileReference section */
		AC69DD721D8D217F005BED5F /* UIViewBasicAnimation.app */ = {isa = PBXFileReference; explicitFileType = wrapper.application; includeInIndex = 0; path = UIViewBasicAnimation.app; sourceTree = BUILT_PRODUCTS_DIR; };
		AC69DD761D8D217F005BED5F /* main.m */ = {isa = PBXFileReference; lastKnownFileType = sourcecode.c.objc; path = main.m; sourceTree = "<group>"; };
		AC69DD781D8D217F005BED5F /* AppDelegate.h */ = {isa = PBXFileReference; lastKnownFileType = sourcecode.c.h; path = AppDelegate.h; sourceTree = "<group>"; };
		AC69DD791D8D217F005BED5F /* AppDelegate.m */ = {isa = PBXFileReference; lastKnownFileType = sourcecode.c.objc; path = AppDelegate.m; sourceTree = "<group>"; };
		AC69DD7B1D8D217F005BED5F /* ViewController.h */ = {isa = PBXFileReference; lastKnownFileType = sourcecode.c.h; path = ViewController.h; sourceTree = "<group>"; };
		AC69DD7C1D8D217F005BED5F /* ViewController.m */ = {isa = PBXFileReference; lastKnownFileType = sourcecode.c.objc; path = ViewController.m; sourceTree = "<group>"; };
		AC69DD7F1D8D217F005BED5F /* Base */ = {isa = PBXFileReference; lastKnownFileType = file.storyboard; name = Base; path = Base.lproj/Main.storyboard; sourceTree = "<group>"; };
		AC69DD811D8D217F005BED5F /* Assets.xcassets */ = {isa = PBXFileReference; lastKnownFileType = folder.assetcatalog; path = Assets.xcassets; sourceTree = "<group>"; };
		AC69DD841D8D217F005BED5F /* Base */ = {isa = PBXFileReference; lastKnownFileType = file.storyboard; name = Base; path = Base.lproj/LaunchScreen.storyboard; sourceTree = "<group>"; };
		AC69DD861D8D217F005BED5F /* Info.plist */ = {isa = PBXFileReference; lastKnownFileType = text.plist.xml; path = Info.plist; sourceTree = "<group>"; };
		AC69DD8C1D8D239D005BED5F /* PositionViewController.h */ = {isa = PBXFileReference; fileEncoding = 4; lastKnownFileType = sourcecode.c.h; path = PositionViewController.h; sourceTree = "<group>"; };
		AC69DD8D1D8D239D005BED5F /* PositionViewController.m */ = {isa = PBXFileReference; fileEncoding = 4; lastKnownFileType = sourcecode.c.objc; path = PositionViewController.m; sourceTree = "<group>"; };
		AC69DD8F1D8D23AC005BED5F /* OpacityViewController.h */ = {isa = PBXFileReference; fileEncoding = 4; lastKnownFileType = sourcecode.c.h; path = OpacityViewController.h; sourceTree = "<group>"; };
		AC69DD901D8D23AC005BED5F /* OpacityViewController.m */ = {isa = PBXFileReference; fileEncoding = 4; lastKnownFileType = sourcecode.c.objc; path = OpacityViewController.m; sourceTree = "<group>"; };
		AC69DD921D8D23B8005BED5F /* ScaleViewController.h */ = {isa = PBXFileReference; fileEncoding = 4; lastKnownFileType = sourcecode.c.h; path = ScaleViewController.h; sourceTree = "<group>"; };
		AC69DD931D8D23B8005BED5F /* ScaleViewController.m */ = {isa = PBXFileReference; fileEncoding = 4; lastKnownFileType = sourcecode.c.objc; path = ScaleViewController.m; sourceTree = "<group>"; };
		AC69DD951D8D23C7005BED5F /* ColorViewController.h */ = {isa = PBXFileReference; fileEncoding = 4; lastKnownFileType = sourcecode.c.h; path = ColorViewController.h; sourceTree = "<group>"; };
		AC69DD961D8D23C7005BED5F /* ColorViewController.m */ = {isa = PBXFileReference; fileEncoding = 4; lastKnownFileType = sourcecode.c.objc; path = ColorViewController.m; sourceTree = "<group>"; };
		AC69DD981D8D23D7005BED5F /* RotationViewController.h */ = {isa = PBXFileReference; fileEncoding = 4; lastKnownFileType = sourcecode.c.h; path = RotationViewController.h; sourceTree = "<group>"; };
		AC69DD991D8D23D7005BED5F /* RotationViewController.m */ = {isa = PBXFileReference; fileEncoding = 4; lastKnownFileType = sourcecode.c.objc; path = RotationViewController.m; sourceTree = "<group>"; };
/* End PBXFileReference section */

/* Begin PBXFrameworksBuildPhase section */
		AC69DD6F1D8D217F005BED5F /* Frameworks */ = {
			isa = PBXFrameworksBuildPhase;
			buildActionMask = 2147483647;
			files = (
			);
			runOnlyForDeploymentPostprocessing = 0;
		};
/* End PBXFrameworksBuildPhase section */

/* Begin PBXGroup section */
		AC69DD691D8D217F005BED5F = {
			isa = PBXGroup;
			children = (
				AC69DD741D8D217F005BED5F /* UIViewBasicAnimation */,
				AC69DD731D8D217F005BED5F /* Products */,
			);
			sourceTree = "<group>";
		};
		AC69DD731D8D217F005BED5F /* Products */ = {
			isa = PBXGroup;
			children = (
				AC69DD721D8D217F005BED5F /* UIViewBasicAnimation.app */,
			);
			name = Products;
			sourceTree = "<group>";
		};
		AC69DD741D8D217F005BED5F /* UIViewBasicAnimation */ = {
			isa = PBXGroup;
			children = (
				AC69DD781D8D217F005BED5F /* AppDelegate.h */,
				AC69DD791D8D217F005BED5F /* AppDelegate.m */,
				AC69DD7B1D8D217F005BED5F /* ViewController.h */,
				AC69DD7C1D8D217F005BED5F /* ViewController.m */,
				AC69DD7E1D8D217F005BED5F /* Main.storyboard */,
				AC69DD811D8D217F005BED5F /* Assets.xcassets */,
				AC69DD831D8D217F005BED5F /* LaunchScreen.storyboard */,
				AC69DD861D8D217F005BED5F /* Info.plist */,
				AC69DD751D8D217F005BED5F /* Supporting Files */,
				AC69DD8C1D8D239D005BED5F /* PositionViewController.h */,
				AC69DD8D1D8D239D005BED5F /* PositionViewController.m */,
				AC69DD8F1D8D23AC005BED5F /* OpacityViewController.h */,
				AC69DD901D8D23AC005BED5F /* OpacityViewController.m */,
				AC69DD921D8D23B8005BED5F /* ScaleViewController.h */,
				AC69DD931D8D23B8005BED5F /* ScaleViewController.m */,
				AC69DD951D8D23C7005BED5F /* ColorViewController.h */,
				AC69DD961D8D23C7005BED5F /* ColorViewController.m */,
				AC69DD981D8D23D7005BED5F /* RotationViewController.h */,
				AC69DD991D8D23D7005BED5F /* RotationViewController.m */,
			);
			path = UIViewBasicAnimation;
			sourceTree = "<group>";
		};
		AC69DD751D8D217F005BED5F /* Supporting Files */ = {
			isa = PBXGroup;
			children = (
				AC69DD761D8D217F005BED5F /* main.m */,
			);
			name = "Supporting Files";
			sourceTree = "<group>";
		};
/* End PBXGroup section */

/* Begin PBXNativeTarget section */
		AC69DD711D8D217F005BED5F /* UIViewBasicAnimation */ = {
			isa = PBXNativeTarget;
			buildConfigurationList = AC69DD891D8D217F005BED5F /* Build configuration list for PBXNativeTarget "UIViewBasicAnimation" */;
			buildPhases = (
				AC69DD6E1D8D217F005BED5F /* Sources */,
				AC69DD6F1D8D217F005BED5F /* Frameworks */,
				AC69DD701D8D217F005BED5F /* Resources */,
			);
			buildRules = (
			);
			dependencies = (
			);
			name = UIViewBasicAnimation;
			productName = UIViewBasicAnimation;
			productReference = AC69DD721D8D217F005BED5F /* UIViewBasicAnimation.app */;
			productType = "com.apple.product-type.application";
		};
/* End PBXNativeTarget section */

/* Begin PBXProject section */
		AC69DD6A1D8D217F005BED5F /* Project object */ = {
			isa = PBXProject;
			attributes = {
				LastUpgradeCheck = 0730;
				ORGANIZATIONNAME = "Kuan-Wei Lin";
				TargetAttributes = {
					AC69DD711D8D217F005BED5F = {
						CreatedOnToolsVersion = 7.3.1;
					};
				};
			};
			buildConfigurationList = AC69DD6D1D8D217F005BED5F /* Build configuration list for PBXProject "UIViewBasicAnimation" */;
			compatibilityVersion = "Xcode 3.2";
			developmentRegion = English;
			hasScannedForEncodings = 0;
			knownRegions = (
				en,
				Base,
			);
			mainGroup = AC69DD691D8D217F005BED5F;
			productRefGroup = AC69DD731D8D217F005BED5F /* Products */;
			projectDirPath = "";
			projectRoot = "";
			targets = (
				AC69DD711D8D217F005BED5F /* UIViewBasicAnimation */,
			);
		};
/* End PBXProject section */

/* Begin PBXResourcesBuildPhase section */
		AC69DD701D8D217F005BED5F /* Resources */ = {
			isa = PBXResourcesBuildPhase;
			buildActionMask = 2147483647;
			files = (
				AC69DD851D8D217F005BED5F /* LaunchScreen.storyboard in Resources */,
				AC69DD821D8D217F005BED5F /* Assets.xcassets in Resources */,
				AC69DD801D8D217F005BED5F /* Main.storyboard in Resources */,
			);
			runOnlyForDeploymentPostprocessing = 0;
		};
/* End PBXResourcesBuildPhase section */

/* Begin PBXSourcesBuildPhase section */
		AC69DD6E1D8D217F005BED5F /* Sources */ = {
			isa = PBXSourcesBuildPhase;
			buildActionMask = 2147483647;
			files = (
				AC69DD7D1D8D217F005BED5F /* ViewController.m in Sources */,
				AC69DD941D8D23B8005BED5F /* ScaleViewController.m in Sources */,
				AC69DD9A1D8D23D7005BED5F /* RotationViewController.m in Sources */,
				AC69DD911D8D23AC005BED5F /* OpacityViewController.m in Sources */,
				AC69DD7A1D8D217F005BED5F /* AppDelegate.m in Sources */,
				AC69DD771D8D217F005BED5F /* main.m in Sources */,
				AC69DD8E1D8D239D005BED5F /* PositionViewController.m in Sources */,
				AC69DD971D8D23C7005BED5F /* ColorViewController.m in Sources */,
			);
			runOnlyForDeploymentPostprocessing = 0;
		};
/* End PBXSourcesBuildPhase section */

/* Begin PBXVariantGroup section */
		AC69DD7E1D8D217F005BED5F /* Main.storyboard */ = {
			isa = PBXVariantGroup;
			children = (
				AC69DD7F1D8D217F005BED5F /* Base */,
			);
			name = Main.storyboard;
			sourceTree = "<group>";
		};
		AC69DD831D8D217F005BED5F /* LaunchScreen.storyboard */ = {
			isa = PBXVariantGroup;
			children = (
				AC69DD841D8D217F005BED5F /* Base */,
			);
			name = LaunchScreen.storyboard;
			sourceTree = "<group>";
		};
/* End PBXVariantGroup section */

/* Begin XCBuildConfiguration section */
		AC69DD871D8D217F005BED5F /* Debug */ = {
			isa = XCBuildConfiguration;
			buildSettings = {
				ALWAYS_SEARCH_USER_PATHS = NO;
				CLANG_ANALYZER_NONNULL = YES;
				CLANG_CXX_LANGUAGE_STANDARD = "gnu++0x";
				CLANG_CXX_LIBRARY = "libc++";
				CLANG_ENABLE_MODULES = YES;
				CLANG_ENABLE_OBJC_ARC = YES;
				CLANG_WARN_BOOL_CONVERSION = YES;
				CLANG_WARN_CONSTANT_CONVERSION = YES;
				CLANG_WARN_DIRECT_OBJC_ISA_USAGE = YES_ERROR;
				CLANG_WARN_EMPTY_BODY = YES;
				CLANG_WARN_ENUM_CONVERSION = YES;
				CLANG_WARN_INT_CONVERSION = YES;
				CLANG_WARN_OBJC_ROOT_CLASS = YES_ERROR;
				CLANG_WARN_UNREACHABLE_CODE = YES;
				CLANG_WARN__DUPLICATE_METHOD_MATCH = YES;
				"CODE_SIGN_IDENTITY[sdk=iphoneos*]" = "iPhone Developer";
				COPY_PHASE_STRIP = NO;
				DEBUG_INFORMATION_FORMAT = dwarf;
				ENABLE_STRICT_OBJC_MSGSEND = YES;
				ENABLE_TESTABILITY = YES;
				GCC_C_LANGUAGE_STANDARD = gnu99;
				GCC_DYNAMIC_NO_PIC = NO;
				GCC_NO_COMMON_BLOCKS = YES;
				GCC_OPTIMIZATION_LEVEL = 0;
				GCC_PREPROCESSOR_DEFINITIONS = (
					"DEBUG=1",
					"$(inherited)",
				);
				GCC_WARN_64_TO_32_BIT_CONVERSION = YES;
				GCC_WARN_ABOUT_RETURN_TYPE = YES_ERROR;
				GCC_WARN_UNDECLARED_SELECTOR = YES;
				GCC_WARN_UNINITIALIZED_AUTOS = YES_AGGRESSIVE;
				GCC_WARN_UNUSED_FUNCTION = YES;
				GCC_WARN_UNUSED_VARIABLE = YES;
				IPHONEOS_DEPLOYMENT_TARGET = 9.3;
				MTL_ENABLE_DEBUG_INFO = YES;
				ONLY_ACTIVE_ARCH = YES;
				SDKROOT = iphoneos;
			};
			name = Debug;
		};
		AC69DD881D8D217F005BED5F /* Release */ = {
			isa = XCBuildConfiguration;
			buildSettings = {
				ALWAYS_SEARCH_USER_PATHS = NO;
				CLANG_ANALYZER_NONNULL = YES;
				CLANG_CXX_LANGUAGE_STANDARD = "gnu++0x";
				CLANG_CXX_LIBRARY = "libc++";
				CLANG_ENABLE_MODULES = YES;
				CLANG_ENABLE_OBJC_ARC = YES;
				CLANG_WARN_BOOL_CONVERSION = YES;
				CLANG_WARN_CONSTANT_CONVERSION = YES;
				CLANG_WARN_DIRECT_OBJC_ISA_USAGE = YES_ERROR;
				CLANG_WARN_EMPTY_BODY = YES;
				CLANG_WARN_ENUM_CONVERSION = YES;
				CLANG_WARN_INT_CONVERSION = YES;
				CLANG_WARN_OBJC_ROOT_CLASS = YES_ERROR;
				CLANG_WARN_UNREACHABLE_CODE = YES;
				CLANG_WARN__DUPLICATE_METHOD_MATCH = YES;
				"CODE_SIGN_IDENTITY[sdk=iphoneos*]" = "iPhone Developer";
				COPY_PHASE_STRIP = NO;
				DEBUG_INFORMATION_FORMAT = "dwarf-with-dsym";
				ENABLE_NS_ASSERTIONS = NO;
				ENABLE_STRICT_OBJC_MSGSEND = YES;
				GCC_C_LANGUAGE_STANDARD = gnu99;
				GCC_NO_COMMON_BLOCKS = YES;
				GCC_WARN_64_TO_32_BIT_CONVERSION = YES;
				GCC_WARN_ABOUT_RETURN_TYPE = YES_ERROR;
				GCC_WARN_UNDECLARED_SELECTOR = YES;
				GCC_WARN_UNINITIALIZED_AUTOS = YES_AGGRESSIVE;
				GCC_WARN_UNUSED_FUNCTION = YES;
				GCC_WARN_UNUSED_VARIABLE = YES;
				IPHONEOS_DEPLOYMENT_TARGET = 9.3;
				MTL_ENABLE_DEBUG_INFO = NO;
				SDKROOT = iphoneos;
				VALIDATE_PRODUCT = YES;
			};
			name = Release;
		};
		AC69DD8A1D8D217F005BED5F /* Debug */ = {
			isa = XCBuildConfiguration;
			buildSettings = {
				ASSETCATALOG_COMPILER_APPICON_NAME = AppIcon;
				INFOPLIST_FILE = UIViewBasicAnimation/Info.plist;
				LD_RUNPATH_SEARCH_PATHS = "$(inherited) @executable_path/Frameworks";
				PRODUCT_BUNDLE_IDENTIFIER = com.cracktheterm.www.UIViewBasicAnimation;
				PRODUCT_NAME = "$(TARGET_NAME)";
			};
			name = Debug;
		};
		AC69DD8B1D8D217F005BED5F /* Release */ = {
			isa = XCBuildConfiguration;
			buildSettings = {
				ASSETCATALOG_COMPILER_APPICON_NAME = AppIcon;
				INFOPLIST_FILE = UIViewBasicAnimation/Info.plist;
				LD_RUNPATH_SEARCH_PATHS = "$(inherited) @executable_path/Frameworks";
				PRODUCT_BUNDLE_IDENTIFIER = com.cracktheterm.www.UIViewBasicAnimation;
				PRODUCT_NAME = "$(TARGET_NAME)";
			};
			name = Release;
		};
/* End XCBuildConfiguration section */

/* Begin XCConfigurationList section */
		AC69DD6D1D8D217F005BED5F /* Build configuration list for PBXProject "UIViewBasicAnimation" */ = {
			isa = XCConfigurationList;
			buildConfigurations = (
				AC69DD871D8D217F005BED5F /* Debug */,
				AC69DD881D8D217F005BED5F /* Release */,
			);
			defaultConfigurationIsVisible = 0;
			defaultConfigurationName = Release;
		};
		AC69DD891D8D217F005BED5F /* Build configuration list for PBXNativeTarget "UIViewBasicAnimation" */ = {
			isa = XCConfigurationList;
			buildConfigurations = (
				AC69DD8A1D8D217F005BED5F /* Debug */,
				AC69DD8B1D8D217F005BED5F /* Release */,
			);
			defaultConfigurationIsVisible = 0;
		};
/* End XCConfigurationList section */
	};
	rootObject = AC69DD6A1D8D217F005BED5F /* Project object */;
}
